
Microsoft Visual Studio Solution File, Format Version 9.00
# Visual C++ Express 2005
Project("{8BC9CEB8-8B4A-11D0-8D11-00A0C91BC942}") = "All", "src\All.vcproj", "{E95B1D77-A7C8-476E-9300-5C108B74D039}"
	ProjectSection(ProjectDependencies) = postProject
		{1F4AEC28-C085-41BF-A733-B6E074E308C1} = {1F4AEC28-C085-41BF-A733-B6E074E308C1}
		{9DCDDA2F-1AB6-4300-B40E-A6ECA1314C76} = {9DCDDA2F-1AB6-4300-B40E-A6ECA1314C76}
		{E8B8443D-C616-4D43-BFAA-A45C7232D827} = {E8B8443D-C616-4D43-BFAA-A45C7232D827}
		{C5D6785C-EF4F-4704-81DC-E66DC89D32F1} = {C5D6785C-EF4F-4704-81DC-E66DC89D32F1}
		{3D860668-8AEC-4A8A-ACFE-5454366C43EB} = {3D860668-8AEC-4A8A-ACFE-5454366C43EB}
		{9846ED8B-E634-4D4F-B3E7-5A55F294ACB6} = {9846ED8B-E634-4D4F-B3E7-5A55F294ACB6}
		{87F33DA8-9B88-4C3D-9EF7-DAEE2C92D046} = {87F33DA8-9B88-4C3D-9EF7-DAEE2C92D046}
		{EBE82CDA-AD94-4AB4-A198-D4EAEB1E05E9} = {EBE82CDA-AD94-4AB4-A198-D4EAEB1E05E9}
		{7B8E34F9-2DED-460A-B147-E7E5610F1FAC} = {7B8E34F9-2DED-460A-B147-E7E5610F1FAC}
	EndProjectSection
EndProject
Project("{8BC9CEB8-8B4A-11D0-8D11-00A0C91BC942}") = "All Cmd Files", "src\AllCmdFiles.vcproj", "{1F4AEC28-C085-41BF-A733-B6E074E308C1}"
	ProjectSection(ProjectDependencies) = postProject
		{F29F0A19-D712-483D-AAD7-6057E9CCF705} = {F29F0A19-D712-483D-AAD7-6057E9CCF705}
		{80B9001B-E21C-4090-A21C-26F2DEA23A27} = {80B9001B-E21C-4090-A21C-26F2DEA23A27}
		{13A8CC2D-2347-43E5-BA24-A1D9AB19F31B} = {13A8CC2D-2347-43E5-BA24-A1D9AB19F31B}
		{CEFC0332-EDFD-4DAC-BD01-10B6E5D18E5D} = {CEFC0332-EDFD-4DAC-BD01-10B6E5D18E5D}
		{AEB0B137-FB5F-408F-BBD3-BCE1DA1658FD} = {AEB0B137-FB5F-408F-BBD3-BCE1DA1658FD}
		{0CACF33F-FE40-4FA4-BE5D-B06614630156} = {0CACF33F-FE40-4FA4-BE5D-B06614630156}
		{BB52E1AB-E5DF-49B4-AB49-6AA224A01E2C} = {BB52E1AB-E5DF-49B4-AB49-6AA224A01E2C}
		{6C4943B1-DA0A-4F05-BD63-1909EC1D215C} = {6C4943B1-DA0A-4F05-BD63-1909EC1D215C}
		{B55D2EBF-19DC-4F14-B5F2-B2447D3C566A} = {B55D2EBF-19DC-4F14-B5F2-B2447D3C566A}
	EndProjectSection
EndProject
Project("{8BC9CEB8-8B4A-11D0-8D11-00A0C91BC942}") = "AppImage", "src\Mod\Image\App\AppImage.vcproj", "{13A8CC2D-2347-43E5-BA24-A1D9AB19F31B}"
	ProjectSection(ProjectDependencies) = postProject
		{CEFC0332-EDFD-4DAC-BD01-10B6E5D18E5D} = {CEFC0332-EDFD-4DAC-BD01-10B6E5D18E5D}
		{E1355CE1-FA55-4F55-ADEF-7EC42D88CBD9} = {E1355CE1-FA55-4F55-ADEF-7EC42D88CBD9}
	EndProjectSection
EndProject
Project("{8BC9CEB8-8B4A-11D0-8D11-00A0C91BC942}") = "AppImageGui", "src\Mod\Image\Gui\AppImageGui.vcproj", "{9846ED8B-E634-4D4F-B3E7-5A55F294ACB6}"
	ProjectSection(ProjectDependencies) = postProject
		{13A8CC2D-2347-43E5-BA24-A1D9AB19F31B} = {13A8CC2D-2347-43E5-BA24-A1D9AB19F31B}
		{CEFC0332-EDFD-4DAC-BD01-10B6E5D18E5D} = {CEFC0332-EDFD-4DAC-BD01-10B6E5D18E5D}
		{FEEF8FBE-392E-48EA-B727-203A340E66D0} = {FEEF8FBE-392E-48EA-B727-203A340E66D0}
		{E1355CE1-FA55-4F55-ADEF-7EC42D88CBD9} = {E1355CE1-FA55-4F55-ADEF-7EC42D88CBD9}
	EndProjectSection
EndProject
Project("{8BC9CEB8-8B4A-11D0-8D11-00A0C91BC942}") = "AppMesh", "src\Mod\Mesh\App\AppMesh.vcproj", "{80B9001B-E21C-4090-A21C-26F2DEA23A27}"
	ProjectSection(ProjectDependencies) = postProject
		{F29F0A19-D712-483D-AAD7-6057E9CCF705} = {F29F0A19-D712-483D-AAD7-6057E9CCF705}
		{CEFC0332-EDFD-4DAC-BD01-10B6E5D18E5D} = {CEFC0332-EDFD-4DAC-BD01-10B6E5D18E5D}
		{E1355CE1-FA55-4F55-ADEF-7EC42D88CBD9} = {E1355CE1-FA55-4F55-ADEF-7EC42D88CBD9}
	EndProjectSection
EndProject
Project("{8BC9CEB8-8B4A-11D0-8D11-00A0C91BC942}") = "AppMeshGui", "src\Mod\Mesh\Gui\AppMeshGui.vcproj", "{9DCDDA2F-1AB6-4300-B40E-A6ECA1314C76}"
	ProjectSection(ProjectDependencies) = postProject
		{80B9001B-E21C-4090-A21C-26F2DEA23A27} = {80B9001B-E21C-4090-A21C-26F2DEA23A27}
		{CEFC0332-EDFD-4DAC-BD01-10B6E5D18E5D} = {CEFC0332-EDFD-4DAC-BD01-10B6E5D18E5D}
		{FEEF8FBE-392E-48EA-B727-203A340E66D0} = {FEEF8FBE-392E-48EA-B727-203A340E66D0}
		{E1355CE1-FA55-4F55-ADEF-7EC42D88CBD9} = {E1355CE1-FA55-4F55-ADEF-7EC42D88CBD9}
	EndProjectSection
EndProject
Project("{8BC9CEB8-8B4A-11D0-8D11-00A0C91BC942}") = "AppPart", "src\Mod\Part\App\AppPart.vcproj", "{F29F0A19-D712-483D-AAD7-6057E9CCF705}"
	ProjectSection(ProjectDependencies) = postProject
		{CEFC0332-EDFD-4DAC-BD01-10B6E5D18E5D} = {CEFC0332-EDFD-4DAC-BD01-10B6E5D18E5D}
		{E1355CE1-FA55-4F55-ADEF-7EC42D88CBD9} = {E1355CE1-FA55-4F55-ADEF-7EC42D88CBD9}
	EndProjectSection
EndProject
Project("{8BC9CEB8-8B4A-11D0-8D11-00A0C91BC942}") = "AppPartGui", "src\Mod\Part\Gui\AppPartGui.vcproj", "{C5D6785C-EF4F-4704-81DC-E66DC89D32F1}"
	ProjectSection(ProjectDependencies) = postProject
		{F29F0A19-D712-483D-AAD7-6057E9CCF705} = {F29F0A19-D712-483D-AAD7-6057E9CCF705}
		{CEFC0332-EDFD-4DAC-BD01-10B6E5D18E5D} = {CEFC0332-EDFD-4DAC-BD01-10B6E5D18E5D}
		{3D860668-8AEC-4A8A-ACFE-5454366C43EB} = {3D860668-8AEC-4A8A-ACFE-5454366C43EB}
		{FEEF8FBE-392E-48EA-B727-203A340E66D0} = {FEEF8FBE-392E-48EA-B727-203A340E66D0}
		{E1355CE1-FA55-4F55-ADEF-7EC42D88CBD9} = {E1355CE1-FA55-4F55-ADEF-7EC42D88CBD9}
	EndProjectSection
EndProject
Project("{8BC9CEB8-8B4A-11D0-8D11-00A0C91BC942}") = "AppPoints", "src\Mod\Points\App\AppPoints.vcproj", "{0CACF33F-FE40-4FA4-BE5D-B06614630156}"
	ProjectSection(ProjectDependencies) = postProject
		{CEFC0332-EDFD-4DAC-BD01-10B6E5D18E5D} = {CEFC0332-EDFD-4DAC-BD01-10B6E5D18E5D}
		{E1355CE1-FA55-4F55-ADEF-7EC42D88CBD9} = {E1355CE1-FA55-4F55-ADEF-7EC42D88CBD9}
	EndProjectSection
EndProject
Project("{8BC9CEB8-8B4A-11D0-8D11-00A0C91BC942}") = "AppPointsGui", "src\Mod\Points\Gui\AppPointsGui.vcproj", "{87F33DA8-9B88-4C3D-9EF7-DAEE2C92D046}"
	ProjectSection(ProjectDependencies) = postProject
		{CEFC0332-EDFD-4DAC-BD01-10B6E5D18E5D} = {CEFC0332-EDFD-4DAC-BD01-10B6E5D18E5D}
		{0CACF33F-FE40-4FA4-BE5D-B06614630156} = {0CACF33F-FE40-4FA4-BE5D-B06614630156}
		{3D860668-8AEC-4A8A-ACFE-5454366C43EB} = {3D860668-8AEC-4A8A-ACFE-5454366C43EB}
		{FEEF8FBE-392E-48EA-B727-203A340E66D0} = {FEEF8FBE-392E-48EA-B727-203A340E66D0}
		{E1355CE1-FA55-4F55-ADEF-7EC42D88CBD9} = {E1355CE1-FA55-4F55-ADEF-7EC42D88CBD9}
	EndProjectSection
EndProject
Project("{8BC9CEB8-8B4A-11D0-8D11-00A0C91BC942}") = "AppRaytracing", "src\Mod\Raytracing\App\AppRaytracing.vcproj", "{BB52E1AB-E5DF-49B4-AB49-6AA224A01E2C}"
	ProjectSection(ProjectDependencies) = postProject
		{F29F0A19-D712-483D-AAD7-6057E9CCF705} = {F29F0A19-D712-483D-AAD7-6057E9CCF705}
		{CEFC0332-EDFD-4DAC-BD01-10B6E5D18E5D} = {CEFC0332-EDFD-4DAC-BD01-10B6E5D18E5D}
		{E1355CE1-FA55-4F55-ADEF-7EC42D88CBD9} = {E1355CE1-FA55-4F55-ADEF-7EC42D88CBD9}
	EndProjectSection
EndProject
Project("{8BC9CEB8-8B4A-11D0-8D11-00A0C91BC942}") = "AppRaytracingGui", "src\Mod\Raytracing\Gui\AppRaytracingGui.vcproj", "{7B8E34F9-2DED-460A-B147-E7E5610F1FAC}"
	ProjectSection(ProjectDependencies) = postProject
		{F29F0A19-D712-483D-AAD7-6057E9CCF705} = {F29F0A19-D712-483D-AAD7-6057E9CCF705}
		{CEFC0332-EDFD-4DAC-BD01-10B6E5D18E5D} = {CEFC0332-EDFD-4DAC-BD01-10B6E5D18E5D}
		{BB52E1AB-E5DF-49B4-AB49-6AA224A01E2C} = {BB52E1AB-E5DF-49B4-AB49-6AA224A01E2C}
		{FEEF8FBE-392E-48EA-B727-203A340E66D0} = {FEEF8FBE-392E-48EA-B727-203A340E66D0}
		{E1355CE1-FA55-4F55-ADEF-7EC42D88CBD9} = {E1355CE1-FA55-4F55-ADEF-7EC42D88CBD9}
	EndProjectSection
EndProject
Project("{8BC9CEB8-8B4A-11D0-8D11-00A0C91BC942}") = "AppTest", "src\Mod\Test\AppTest.vcproj", "{B55D2EBF-19DC-4F14-B5F2-B2447D3C566A}"
EndProject
Project("{8BC9CEB8-8B4A-11D0-8D11-00A0C91BC942}") = "AppTestGui", "src\Mod\Test\Gui\AppTestGui.vcproj", "{E8B8443D-C616-4D43-BFAA-A45C7232D827}"
	ProjectSection(ProjectDependencies) = postProject
		{B55D2EBF-19DC-4F14-B5F2-B2447D3C566A} = {B55D2EBF-19DC-4F14-B5F2-B2447D3C566A}
		{E1355CE1-FA55-4F55-ADEF-7EC42D88CBD9} = {E1355CE1-FA55-4F55-ADEF-7EC42D88CBD9}
		{FEEF8FBE-392E-48EA-B727-203A340E66D0} = {FEEF8FBE-392E-48EA-B727-203A340E66D0}
		{CEFC0332-EDFD-4DAC-BD01-10B6E5D18E5D} = {CEFC0332-EDFD-4DAC-BD01-10B6E5D18E5D}
	EndProjectSection
EndProject
Project("{8BC9CEB8-8B4A-11D0-8D11-00A0C91BC942}") = "FreeCADApp", "src\App\FreeCADDoc.vcproj", "{CEFC0332-EDFD-4DAC-BD01-10B6E5D18E5D}"
	ProjectSection(ProjectDependencies) = postProject
		{E1355CE1-FA55-4F55-ADEF-7EC42D88CBD9} = {E1355CE1-FA55-4F55-ADEF-7EC42D88CBD9}
	EndProjectSection
EndProject
Project("{8BC9CEB8-8B4A-11D0-8D11-00A0C91BC942}") = "FreeCADBase", "src\Base\FreeCADBase.vcproj", "{E1355CE1-FA55-4F55-ADEF-7EC42D88CBD9}"
EndProject
Project("{8BC9CEB8-8B4A-11D0-8D11-00A0C91BC942}") = "FreeCADGui", "src\Gui\FreeCADGui.vcproj", "{FEEF8FBE-392E-48EA-B727-203A340E66D0}"
	ProjectSection(ProjectDependencies) = postProject
		{CEFC0332-EDFD-4DAC-BD01-10B6E5D18E5D} = {CEFC0332-EDFD-4DAC-BD01-10B6E5D18E5D}
		{E1355CE1-FA55-4F55-ADEF-7EC42D88CBD9} = {E1355CE1-FA55-4F55-ADEF-7EC42D88CBD9}
	EndProjectSection
EndProject
Project("{8BC9CEB8-8B4A-11D0-8D11-00A0C91BC942}") = "FreeCADMain", "src\Main\FreeCADMain.vcproj", "{3D860668-8AEC-4A8A-ACFE-5454366C43EB}"
	ProjectSection(ProjectDependencies) = postProject
		{CEFC0332-EDFD-4DAC-BD01-10B6E5D18E5D} = {CEFC0332-EDFD-4DAC-BD01-10B6E5D18E5D}
		{FEEF8FBE-392E-48EA-B727-203A340E66D0} = {FEEF8FBE-392E-48EA-B727-203A340E66D0}
		{E1355CE1-FA55-4F55-ADEF-7EC42D88CBD9} = {E1355CE1-FA55-4F55-ADEF-7EC42D88CBD9}
	EndProjectSection
EndProject
Project("{8BC9CEB8-8B4A-11D0-8D11-00A0C91BC942}") = "FreeCADMainCmd", "src\Main\FreeCADMainCmd.vcproj", "{AEB0B137-FB5F-408F-BBD3-BCE1DA1658FD}"
	ProjectSection(ProjectDependencies) = postProject
		{CEFC0332-EDFD-4DAC-BD01-10B6E5D18E5D} = {CEFC0332-EDFD-4DAC-BD01-10B6E5D18E5D}
		{E1355CE1-FA55-4F55-ADEF-7EC42D88CBD9} = {E1355CE1-FA55-4F55-ADEF-7EC42D88CBD9}
	EndProjectSection
EndProject
Project("{8BC9CEB8-8B4A-11D0-8D11-00A0C91BC942}") = "FreeCADMainPy", "src\Main\FreeCADMainPy.vcproj", "{6C4943B1-DA0A-4F05-BD63-1909EC1D215C}"
	ProjectSection(ProjectDependencies) = postProject
		{CEFC0332-EDFD-4DAC-BD01-10B6E5D18E5D} = {CEFC0332-EDFD-4DAC-BD01-10B6E5D18E5D}
		{E1355CE1-FA55-4F55-ADEF-7EC42D88CBD9} = {E1355CE1-FA55-4F55-ADEF-7EC42D88CBD9}
	EndProjectSection
EndProject
Project("{8BC9CEB8-8B4A-11D0-8D11-00A0C91BC942}") = "AppDrawing", "src\Mod\Drawing\App\AppDrawing.vcproj", "{6E901906-58D6-439E-B729-B23DD8E25223}"
	ProjectSection(ProjectDependencies) = postProject
		{F29F0A19-D712-483D-AAD7-6057E9CCF705} = {F29F0A19-D712-483D-AAD7-6057E9CCF705}
		{CEFC0332-EDFD-4DAC-BD01-10B6E5D18E5D} = {CEFC0332-EDFD-4DAC-BD01-10B6E5D18E5D}
		{E1355CE1-FA55-4F55-ADEF-7EC42D88CBD9} = {E1355CE1-FA55-4F55-ADEF-7EC42D88CBD9}
	EndProjectSection
EndProject
Project("{8BC9CEB8-8B4A-11D0-8D11-00A0C91BC942}") = "AppDrawingGui", "src\Mod\Drawing\Gui\AppDrawingGui.vcproj", "{EBE82CDA-AD94-4AB4-A198-D4EAEB1E05E9}"
	ProjectSection(ProjectDependencies) = postProject
		{6E901906-58D6-439E-B729-B23DD8E25223} = {6E901906-58D6-439E-B729-B23DD8E25223}
		{F29F0A19-D712-483D-AAD7-6057E9CCF705} = {F29F0A19-D712-483D-AAD7-6057E9CCF705}
		{CEFC0332-EDFD-4DAC-BD01-10B6E5D18E5D} = {CEFC0332-EDFD-4DAC-BD01-10B6E5D18E5D}
		{C5D6785C-EF4F-4704-81DC-E66DC89D32F1} = {C5D6785C-EF4F-4704-81DC-E66DC89D32F1}
		{FEEF8FBE-392E-48EA-B727-203A340E66D0} = {FEEF8FBE-392E-48EA-B727-203A340E66D0}
		{E1355CE1-FA55-4F55-ADEF-7EC42D88CBD9} = {E1355CE1-FA55-4F55-ADEF-7EC42D88CBD9}
	EndProjectSection
EndProject
Project("{8BC9CEB8-8B4A-11D0-8D11-00A0C91BC942}") = "AppTemplatePyMod", "src\Mod\TemplatePyMod\AppTemplatePyMod.vcproj", "{2B8BF20D-7275-4673-B9D0-60453891F76A}"
EndProject
Project("{8BC9CEB8-8B4A-11D0-8D11-00A0C91BC942}") = "AppCam", "src\Mod\Cam\App\AppCam.vcproj", "{7BCA5FC1-6063-4C3C-84F6-29D5029BEB59}"
EndProject
Global
	GlobalSection(SolutionConfigurationPlatforms) = preSolution
		Debug|Win32 = Debug|Win32
		Release|Win32 = Release|Win32
	EndGlobalSection
	GlobalSection(ProjectConfigurationPlatforms) = postSolution
		{E95B1D77-A7C8-476E-9300-5C108B74D039}.Debug|Win32.ActiveCfg = Debug|Win32
		{E95B1D77-A7C8-476E-9300-5C108B74D039}.Debug|Win32.Build.0 = Debug|Win32
		{E95B1D77-A7C8-476E-9300-5C108B74D039}.Release|Win32.ActiveCfg = Release|Win32
		{E95B1D77-A7C8-476E-9300-5C108B74D039}.Release|Win32.Build.0 = Release|Win32
		{1F4AEC28-C085-41BF-A733-B6E074E308C1}.Debug|Win32.ActiveCfg = Debug|Win32
		{1F4AEC28-C085-41BF-A733-B6E074E308C1}.Debug|Win32.Build.0 = Debug|Win32
		{1F4AEC28-C085-41BF-A733-B6E074E308C1}.Release|Win32.ActiveCfg = Release|Win32
		{1F4AEC28-C085-41BF-A733-B6E074E308C1}.Release|Win32.Build.0 = Release|Win32
		{13A8CC2D-2347-43E5-BA24-A1D9AB19F31B}.Debug|Win32.ActiveCfg = Debug|Win32
		{13A8CC2D-2347-43E5-BA24-A1D9AB19F31B}.Debug|Win32.Build.0 = Debug|Win32
		{13A8CC2D-2347-43E5-BA24-A1D9AB19F31B}.Release|Win32.ActiveCfg = Release|Win32
		{13A8CC2D-2347-43E5-BA24-A1D9AB19F31B}.Release|Win32.Build.0 = Release|Win32
		{9846ED8B-E634-4D4F-B3E7-5A55F294ACB6}.Debug|Win32.ActiveCfg = Debug|Win32
		{9846ED8B-E634-4D4F-B3E7-5A55F294ACB6}.Debug|Win32.Build.0 = Debug|Win32
		{9846ED8B-E634-4D4F-B3E7-5A55F294ACB6}.Release|Win32.ActiveCfg = Release|Win32
		{9846ED8B-E634-4D4F-B3E7-5A55F294ACB6}.Release|Win32.Build.0 = Release|Win32
		{80B9001B-E21C-4090-A21C-26F2DEA23A27}.Debug|Win32.ActiveCfg = Debug|Win32
		{80B9001B-E21C-4090-A21C-26F2DEA23A27}.Debug|Win32.Build.0 = Debug|Win32
		{80B9001B-E21C-4090-A21C-26F2DEA23A27}.Release|Win32.ActiveCfg = Release|Win32
		{80B9001B-E21C-4090-A21C-26F2DEA23A27}.Release|Win32.Build.0 = Release|Win32
		{9DCDDA2F-1AB6-4300-B40E-A6ECA1314C76}.Debug|Win32.ActiveCfg = Debug|Win32
		{9DCDDA2F-1AB6-4300-B40E-A6ECA1314C76}.Debug|Win32.Build.0 = Debug|Win32
		{9DCDDA2F-1AB6-4300-B40E-A6ECA1314C76}.Release|Win32.ActiveCfg = Release|Win32
		{9DCDDA2F-1AB6-4300-B40E-A6ECA1314C76}.Release|Win32.Build.0 = Release|Win32
		{F29F0A19-D712-483D-AAD7-6057E9CCF705}.Debug|Win32.ActiveCfg = Debug|Win32
		{F29F0A19-D712-483D-AAD7-6057E9CCF705}.Debug|Win32.Build.0 = Debug|Win32
		{F29F0A19-D712-483D-AAD7-6057E9CCF705}.Release|Win32.ActiveCfg = Release|Win32
		{F29F0A19-D712-483D-AAD7-6057E9CCF705}.Release|Win32.Build.0 = Release|Win32
		{C5D6785C-EF4F-4704-81DC-E66DC89D32F1}.Debug|Win32.ActiveCfg = Debug|Win32
		{C5D6785C-EF4F-4704-81DC-E66DC89D32F1}.Debug|Win32.Build.0 = Debug|Win32
		{C5D6785C-EF4F-4704-81DC-E66DC89D32F1}.Release|Win32.ActiveCfg = Release|Win32
		{C5D6785C-EF4F-4704-81DC-E66DC89D32F1}.Release|Win32.Build.0 = Release|Win32
		{0CACF33F-FE40-4FA4-BE5D-B06614630156}.Debug|Win32.ActiveCfg = Debug|Win32
		{0CACF33F-FE40-4FA4-BE5D-B06614630156}.Debug|Win32.Build.0 = Debug|Win32
		{0CACF33F-FE40-4FA4-BE5D-B06614630156}.Release|Win32.ActiveCfg = Release|Win32
		{0CACF33F-FE40-4FA4-BE5D-B06614630156}.Release|Win32.Build.0 = Release|Win32
		{87F33DA8-9B88-4C3D-9EF7-DAEE2C92D046}.Debug|Win32.ActiveCfg = Debug|Win32
		{87F33DA8-9B88-4C3D-9EF7-DAEE2C92D046}.Debug|Win32.Build.0 = Debug|Win32
		{87F33DA8-9B88-4C3D-9EF7-DAEE2C92D046}.Release|Win32.ActiveCfg = Release|Win32
		{87F33DA8-9B88-4C3D-9EF7-DAEE2C92D046}.Release|Win32.Build.0 = Release|Win32
		{BB52E1AB-E5DF-49B4-AB49-6AA224A01E2C}.Debug|Win32.ActiveCfg = Debug|Win32
		{BB52E1AB-E5DF-49B4-AB49-6AA224A01E2C}.Debug|Win32.Build.0 = Debug|Win32
		{BB52E1AB-E5DF-49B4-AB49-6AA224A01E2C}.Release|Win32.ActiveCfg = Release|Win32
		{BB52E1AB-E5DF-49B4-AB49-6AA224A01E2C}.Release|Win32.Build.0 = Release|Win32
		{7B8E34F9-2DED-460A-B147-E7E5610F1FAC}.Debug|Win32.ActiveCfg = Debug|Win32
		{7B8E34F9-2DED-460A-B147-E7E5610F1FAC}.Debug|Win32.Build.0 = Debug|Win32
		{7B8E34F9-2DED-460A-B147-E7E5610F1FAC}.Release|Win32.ActiveCfg = Release|Win32
		{7B8E34F9-2DED-460A-B147-E7E5610F1FAC}.Release|Win32.Build.0 = Release|Win32
		{B55D2EBF-19DC-4F14-B5F2-B2447D3C566A}.Debug|Win32.ActiveCfg = Debug|Win32
		{B55D2EBF-19DC-4F14-B5F2-B2447D3C566A}.Debug|Win32.Build.0 = Debug|Win32
		{B55D2EBF-19DC-4F14-B5F2-B2447D3C566A}.Release|Win32.ActiveCfg = Release|Win32
		{B55D2EBF-19DC-4F14-B5F2-B2447D3C566A}.Release|Win32.Build.0 = Release|Win32
		{E8B8443D-C616-4D43-BFAA-A45C7232D827}.Debug|Win32.ActiveCfg = Debug|Win32
		{E8B8443D-C616-4D43-BFAA-A45C7232D827}.Debug|Win32.Build.0 = Debug|Win32
		{E8B8443D-C616-4D43-BFAA-A45C7232D827}.Release|Win32.ActiveCfg = Release|Win32
		{E8B8443D-C616-4D43-BFAA-A45C7232D827}.Release|Win32.Build.0 = Release|Win32
		{CEFC0332-EDFD-4DAC-BD01-10B6E5D18E5D}.Debug|Win32.ActiveCfg = Debug|Win32
		{CEFC0332-EDFD-4DAC-BD01-10B6E5D18E5D}.Debug|Win32.Build.0 = Debug|Win32
		{CEFC0332-EDFD-4DAC-BD01-10B6E5D18E5D}.Release|Win32.ActiveCfg = Release|Win32
		{CEFC0332-EDFD-4DAC-BD01-10B6E5D18E5D}.Release|Win32.Build.0 = Release|Win32
		{E1355CE1-FA55-4F55-ADEF-7EC42D88CBD9}.Debug|Win32.ActiveCfg = Debug|Win32
		{E1355CE1-FA55-4F55-ADEF-7EC42D88CBD9}.Debug|Win32.Build.0 = Debug|Win32
		{E1355CE1-FA55-4F55-ADEF-7EC42D88CBD9}.Release|Win32.ActiveCfg = Release|Win32
		{E1355CE1-FA55-4F55-ADEF-7EC42D88CBD9}.Release|Win32.Build.0 = Release|Win32
		{FEEF8FBE-392E-48EA-B727-203A340E66D0}.Debug|Win32.ActiveCfg = Debug|Win32
		{FEEF8FBE-392E-48EA-B727-203A340E66D0}.Debug|Win32.Build.0 = Debug|Win32
		{FEEF8FBE-392E-48EA-B727-203A340E66D0}.Release|Win32.ActiveCfg = Release|Win32
		{FEEF8FBE-392E-48EA-B727-203A340E66D0}.Release|Win32.Build.0 = Release|Win32
		{3D860668-8AEC-4A8A-ACFE-5454366C43EB}.Debug|Win32.ActiveCfg = Debug|Win32
		{3D860668-8AEC-4A8A-ACFE-5454366C43EB}.Debug|Win32.Build.0 = Debug|Win32
		{3D860668-8AEC-4A8A-ACFE-5454366C43EB}.Release|Win32.ActiveCfg = Release|Win32
		{3D860668-8AEC-4A8A-ACFE-5454366C43EB}.Release|Win32.Build.0 = Release|Win32
		{AEB0B137-FB5F-408F-BBD3-BCE1DA1658FD}.Debug|Win32.ActiveCfg = Debug|Win32
		{AEB0B137-FB5F-408F-BBD3-BCE1DA1658FD}.Debug|Win32.Build.0 = Debug|Win32
		{AEB0B137-FB5F-408F-BBD3-BCE1DA1658FD}.Release|Win32.ActiveCfg = Release|Win32
		{AEB0B137-FB5F-408F-BBD3-BCE1DA1658FD}.Release|Win32.Build.0 = Release|Win32
		{6C4943B1-DA0A-4F05-BD63-1909EC1D215C}.Debug|Win32.ActiveCfg = Debug|Win32
		{6C4943B1-DA0A-4F05-BD63-1909EC1D215C}.Debug|Win32.Build.0 = Debug|Win32
		{6C4943B1-DA0A-4F05-BD63-1909EC1D215C}.Release|Win32.ActiveCfg = Release|Win32
		{6C4943B1-DA0A-4F05-BD63-1909EC1D215C}.Release|Win32.Build.0 = Release|Win32
		{6E901906-58D6-439E-B729-B23DD8E25223}.Debug|Win32.ActiveCfg = Debug|Win32
		{6E901906-58D6-439E-B729-B23DD8E25223}.Debug|Win32.Build.0 = Debug|Win32
		{6E901906-58D6-439E-B729-B23DD8E25223}.Release|Win32.ActiveCfg = Release|Win32
		{6E901906-58D6-439E-B729-B23DD8E25223}.Release|Win32.Build.0 = Release|Win32
		{EBE82CDA-AD94-4AB4-A198-D4EAEB1E05E9}.Debug|Win32.ActiveCfg = Debug|Win32
		{EBE82CDA-AD94-4AB4-A198-D4EAEB1E05E9}.Debug|Win32.Build.0 = Debug|Win32
		{EBE82CDA-AD94-4AB4-A198-D4EAEB1E05E9}.Release|Win32.ActiveCfg = Release|Win32
		{EBE82CDA-AD94-4AB4-A198-D4EAEB1E05E9}.Release|Win32.Build.0 = Release|Win32
		{2B8BF20D-7275-4673-B9D0-60453891F76A}.Debug|Win32.ActiveCfg = Debug|Win32
		{2B8BF20D-7275-4673-B9D0-60453891F76A}.Debug|Win32.Build.0 = Debug|Win32
		{2B8BF20D-7275-4673-B9D0-60453891F76A}.Release|Win32.ActiveCfg = Release|Win32
		{2B8BF20D-7275-4673-B9D0-60453891F76A}.Release|Win32.Build.0 = Release|Win32
		{7BCA5FC1-6063-4C3C-84F6-29D5029BEB59}.Debug|Win32.ActiveCfg = Debug|Win32
		{7BCA5FC1-6063-4C3C-84F6-29D5029BEB59}.Debug|Win32.Build.0 = Debug|Win32
		{7BCA5FC1-6063-4C3C-84F6-29D5029BEB59}.Release|Win32.ActiveCfg = Release|Win32
		{7BCA5FC1-6063-4C3C-84F6-29D5029BEB59}.Release|Win32.Build.0 = Release|Win32
	EndGlobalSection
	GlobalSection(SolutionProperties) = preSolution
		HideSolutionNode = FALSE
	EndGlobalSection
EndGlobal
