Microsoft Visual Studio Solution File, Format Version 7.00
Project("{8BC9CEB8-8B4A-11D0-8D11-00A0C91BC942}") = "All", "All.vcproj", "{E6C08685-EE1F-471F-B6C5-7F219A800264}"
EndProject
Project("{8BC9CEB8-8B4A-11D0-8D11-00A0C91BC942}") = "AppImport", "Mod\Import\App\AppImport.vcproj", "{FCE5D8E7-885C-4972-B66C-9B6DFDC0F0A2}"
EndProject
Project("{8BC9CEB8-8B4A-11D0-8D11-00A0C91BC942}") = "AppImportGui", "Mod\Import\Gui\AppImportGui.vcproj", "{A112350F-D909-4747-A960-A1D3647C321D}"
EndProject
Project("{8BC9CEB8-8B4A-11D0-8D11-00A0C91BC942}") = "AppPart", "Mod\Part\App\AppPart.vcproj", "{92F87712-FA54-4574-8B88-1F3779AC3872}"
EndProject
Project("{8BC9CEB8-8B4A-11D0-8D11-00A0C91BC942}") = "AppPartGui", "MOD\PART\GUI\AppPartGui.vcproj", "{9B7EEA65-A95C-4A7B-BEA5-9B77AF9FC156}"
EndProject
Project("{8BC9CEB8-8B4A-11D0-8D11-00A0C91BC942}") = "FreeCADApp", "App\FreeCADDoc.vcproj", "{B88819B6-A317-4A8B-8CA3-4358F735232A}"
EndProject
Project("{8BC9CEB8-8B4A-11D0-8D11-00A0C91BC942}") = "FreeCADBase", "Base\FreeCADBase.vcproj", "{AD941D59-193D-4D31-9686-33F9D244C7D7}"
EndProject
Project("{8BC9CEB8-8B4A-11D0-8D11-00A0C91BC942}") = "FreeCADGui", "Gui\FreeCADGui.vcproj", "{9FCFF60E-D735-43F6-BD6C-C5784C327696}"
EndProject
Project("{8BC9CEB8-8B4A-11D0-8D11-00A0C91BC942}") = "FreeCADMain", "Main\FreeCADMain.vcproj", "{3C7A1F14-388D-4B94-8811-60B870AFB1AB}"
EndProject
Project("{8BC9CEB8-8B4A-11D0-8D11-00A0C91BC942}") = "FreeCADMainCmd", "Main\FreeCADMainCmd.vcproj", "{4C23C1FA-738A-48AC-8E3A-C1E8B23CCBA1}"
EndProject
Project("{8BC9CEB8-8B4A-11D0-8D11-00A0C91BC942}") = "FreeCADMainPy", "Main\FreeCADMainPy.vcproj", "{ED9ABA14-0C37-4A13-B20A-878CC42BB66F}"
EndProject
Global
	GlobalSection(SolutionConfiguration) = preSolution
		ConfigName.0 = Debug
		ConfigName.1 = Release
	EndGlobalSection
	GlobalSection(ProjectDependencies) = postSolution
		{E6C08685-EE1F-471F-B6C5-7F219A800264}.0 = {A112350F-D909-4747-A960-A1D3647C321D}
		{E6C08685-EE1F-471F-B6C5-7F219A800264}.1 = {9B7EEA65-A95C-4A7B-BEA5-9B77AF9FC156}
		{E6C08685-EE1F-471F-B6C5-7F219A800264}.2 = {ED9ABA14-0C37-4A13-B20A-878CC42BB66F}
		{E6C08685-EE1F-471F-B6C5-7F219A800264}.3 = {4C23C1FA-738A-48AC-8E3A-C1E8B23CCBA1}
		{E6C08685-EE1F-471F-B6C5-7F219A800264}.4 = {3C7A1F14-388D-4B94-8811-60B870AFB1AB}
		{FCE5D8E7-885C-4972-B66C-9B6DFDC0F0A2}.0 = {AD941D59-193D-4D31-9686-33F9D244C7D7}
		{FCE5D8E7-885C-4972-B66C-9B6DFDC0F0A2}.1 = {B88819B6-A317-4A8B-8CA3-4358F735232A}
		{A112350F-D909-4747-A960-A1D3647C321D}.0 = {AD941D59-193D-4D31-9686-33F9D244C7D7}
		{A112350F-D909-4747-A960-A1D3647C321D}.1 = {B88819B6-A317-4A8B-8CA3-4358F735232A}
		{A112350F-D909-4747-A960-A1D3647C321D}.2 = {9FCFF60E-D735-43F6-BD6C-C5784C327696}
		{A112350F-D909-4747-A960-A1D3647C321D}.3 = {FCE5D8E7-885C-4972-B66C-9B6DFDC0F0A2}
		{92F87712-FA54-4574-8B88-1F3779AC3872}.0 = {AD941D59-193D-4D31-9686-33F9D244C7D7}
		{92F87712-FA54-4574-8B88-1F3779AC3872}.1 = {B88819B6-A317-4A8B-8CA3-4358F735232A}
		{9B7EEA65-A95C-4A7B-BEA5-9B77AF9FC156}.0 = {92F87712-FA54-4574-8B88-1F3779AC3872}
		{9B7EEA65-A95C-4A7B-BEA5-9B77AF9FC156}.1 = {AD941D59-193D-4D31-9686-33F9D244C7D7}
		{9B7EEA65-A95C-4A7B-BEA5-9B77AF9FC156}.2 = {B88819B6-A317-4A8B-8CA3-4358F735232A}
		{9B7EEA65-A95C-4A7B-BEA5-9B77AF9FC156}.3 = {9FCFF60E-D735-43F6-BD6C-C5784C327696}
		{B88819B6-A317-4A8B-8CA3-4358F735232A}.0 = {AD941D59-193D-4D31-9686-33F9D244C7D7}
		{9FCFF60E-D735-43F6-BD6C-C5784C327696}.0 = {AD941D59-193D-4D31-9686-33F9D244C7D7}
		{9FCFF60E-D735-43F6-BD6C-C5784C327696}.1 = {B88819B6-A317-4A8B-8CA3-4358F735232A}
		{3C7A1F14-388D-4B94-8811-60B870AFB1AB}.0 = {9FCFF60E-D735-43F6-BD6C-C5784C327696}
		{3C7A1F14-388D-4B94-8811-60B870AFB1AB}.1 = {AD941D59-193D-4D31-9686-33F9D244C7D7}
		{3C7A1F14-388D-4B94-8811-60B870AFB1AB}.2 = {B88819B6-A317-4A8B-8CA3-4358F735232A}
		{4C23C1FA-738A-48AC-8E3A-C1E8B23CCBA1}.0 = {AD941D59-193D-4D31-9686-33F9D244C7D7}
		{4C23C1FA-738A-48AC-8E3A-C1E8B23CCBA1}.1 = {B88819B6-A317-4A8B-8CA3-4358F735232A}
		{ED9ABA14-0C37-4A13-B20A-878CC42BB66F}.0 = {AD941D59-193D-4D31-9686-33F9D244C7D7}
		{ED9ABA14-0C37-4A13-B20A-878CC42BB66F}.1 = {B88819B6-A317-4A8B-8CA3-4358F735232A}
	EndGlobalSection
	GlobalSection(ProjectConfiguration) = postSolution
		{E6C08685-EE1F-471F-B6C5-7F219A800264}.Debug.ActiveCfg = Debug|Win32
		{E6C08685-EE1F-471F-B6C5-7F219A800264}.Debug.Build.0 = Debug|Win32
		{E6C08685-EE1F-471F-B6C5-7F219A800264}.Release.ActiveCfg = Release|Win32
		{E6C08685-EE1F-471F-B6C5-7F219A800264}.Release.Build.0 = Release|Win32
		{FCE5D8E7-885C-4972-B66C-9B6DFDC0F0A2}.Debug.ActiveCfg = Debug|Win32
		{FCE5D8E7-885C-4972-B66C-9B6DFDC0F0A2}.Debug.Build.0 = Debug|Win32
		{FCE5D8E7-885C-4972-B66C-9B6DFDC0F0A2}.Release.ActiveCfg = Release|Win32
		{FCE5D8E7-885C-4972-B66C-9B6DFDC0F0A2}.Release.Build.0 = Release|Win32
		{A112350F-D909-4747-A960-A1D3647C321D}.Debug.ActiveCfg = Debug|Win32
		{A112350F-D909-4747-A960-A1D3647C321D}.Debug.Build.0 = Debug|Win32
		{A112350F-D909-4747-A960-A1D3647C321D}.Release.ActiveCfg = Release|Win32
		{A112350F-D909-4747-A960-A1D3647C321D}.Release.Build.0 = Release|Win32
		{92F87712-FA54-4574-8B88-1F3779AC3872}.Debug.ActiveCfg = Debug|Win32
		{92F87712-FA54-4574-8B88-1F3779AC3872}.Debug.Build.0 = Debug|Win32
		{92F87712-FA54-4574-8B88-1F3779AC3872}.Release.ActiveCfg = Release|Win32
		{92F87712-FA54-4574-8B88-1F3779AC3872}.Release.Build.0 = Release|Win32
		{9B7EEA65-A95C-4A7B-BEA5-9B77AF9FC156}.Debug.ActiveCfg = Debug|Win32
		{9B7EEA65-A95C-4A7B-BEA5-9B77AF9FC156}.Debug.Build.0 = Debug|Win32
		{9B7EEA65-A95C-4A7B-BEA5-9B77AF9FC156}.Release.ActiveCfg = Release|Win32
		{9B7EEA65-A95C-4A7B-BEA5-9B77AF9FC156}.Release.Build.0 = Release|Win32
		{B88819B6-A317-4A8B-8CA3-4358F735232A}.Debug.ActiveCfg = Debug|Win32
		{B88819B6-A317-4A8B-8CA3-4358F735232A}.Debug.Build.0 = Debug|Win32
		{B88819B6-A317-4A8B-8CA3-4358F735232A}.Release.ActiveCfg = Release|Win32
		{B88819B6-A317-4A8B-8CA3-4358F735232A}.Release.Build.0 = Release|Win32
		{AD941D59-193D-4D31-9686-33F9D244C7D7}.Debug.ActiveCfg = Debug|Win32
		{AD941D59-193D-4D31-9686-33F9D244C7D7}.Debug.Build.0 = Debug|Win32
		{AD941D59-193D-4D31-9686-33F9D244C7D7}.Release.ActiveCfg = Release|Win32
		{AD941D59-193D-4D31-9686-33F9D244C7D7}.Release.Build.0 = Release|Win32
		{9FCFF60E-D735-43F6-BD6C-C5784C327696}.Debug.ActiveCfg = Debug|Win32
		{9FCFF60E-D735-43F6-BD6C-C5784C327696}.Debug.Build.0 = Debug|Win32
		{9FCFF60E-D735-43F6-BD6C-C5784C327696}.Release.ActiveCfg = Release|Win32
		{9FCFF60E-D735-43F6-BD6C-C5784C327696}.Release.Build.0 = Release|Win32
		{3C7A1F14-388D-4B94-8811-60B870AFB1AB}.Debug.ActiveCfg = Debug|Win32
		{3C7A1F14-388D-4B94-8811-60B870AFB1AB}.Debug.Build.0 = Debug|Win32
		{3C7A1F14-388D-4B94-8811-60B870AFB1AB}.Release.ActiveCfg = Release|Win32
		{3C7A1F14-388D-4B94-8811-60B870AFB1AB}.Release.Build.0 = Release|Win32
		{4C23C1FA-738A-48AC-8E3A-C1E8B23CCBA1}.Debug.ActiveCfg = Debug|Win32
		{4C23C1FA-738A-48AC-8E3A-C1E8B23CCBA1}.Debug.Build.0 = Debug|Win32
		{4C23C1FA-738A-48AC-8E3A-C1E8B23CCBA1}.Release.ActiveCfg = Release|Win32
		{4C23C1FA-738A-48AC-8E3A-C1E8B23CCBA1}.Release.Build.0 = Release|Win32
		{ED9ABA14-0C37-4A13-B20A-878CC42BB66F}.Debug.ActiveCfg = Debug|Win32
		{ED9ABA14-0C37-4A13-B20A-878CC42BB66F}.Debug.Build.0 = Debug|Win32
		{ED9ABA14-0C37-4A13-B20A-878CC42BB66F}.Release.ActiveCfg = Release|Win32
		{ED9ABA14-0C37-4A13-B20A-878CC42BB66F}.Release.Build.0 = Release|Win32
	EndGlobalSection
	GlobalSection(ExtensibilityGlobals) = postSolution
	EndGlobalSection
	GlobalSection(ExtensibilityAddIns) = postSolution
	EndGlobalSection
EndGlobal
