
Microsoft Visual Studio Solution File, Format Version 9.00
# Visual C++ Express 2005
Project("{8BC9CEB8-8B4A-11D0-8D11-00A0C91BC942}") = "All", "All.vcproj", "{79991C7E-DEF7-4513-99E5-84F74617382A}"
	ProjectSection(ProjectDependencies) = postProject
		{10B809DB-0676-4781-9359-250D528CCFF1} = {10B809DB-0676-4781-9359-250D528CCFF1}
		{C9FD892C-2AED-4781-A4E7-14503B4C63A3} = {C9FD892C-2AED-4781-A4E7-14503B4C63A3}
		{2B07BCF1-AFF5-473D-B6E8-2B08F61595ED} = {2B07BCF1-AFF5-473D-B6E8-2B08F61595ED}
		{80D6B20A-A657-40CD-A5DB-8E419F1E1C60} = {80D6B20A-A657-40CD-A5DB-8E419F1E1C60}
		{6CB8C19A-28C1-4727-8284-83C9C1D9EAAF} = {6CB8C19A-28C1-4727-8284-83C9C1D9EAAF}
		{D3F47771-33A0-47ED-9E0D-C47CCEA4E599} = {D3F47771-33A0-47ED-9E0D-C47CCEA4E599}
		{E84F173F-B5B9-408C-8637-E53092694D91} = {E84F173F-B5B9-408C-8637-E53092694D91}
		{99DD5FCE-14C9-409C-ADC8-6875807351FC} = {99DD5FCE-14C9-409C-ADC8-6875807351FC}
		{E47A0361-C171-4AEF-A69B-F5E1F73AE08B} = {E47A0361-C171-4AEF-A69B-F5E1F73AE08B}
	EndProjectSection
EndProject
Project("{8BC9CEB8-8B4A-11D0-8D11-00A0C91BC942}") = "All Cmd Files", "All Cmd Files.vcproj", "{80D6B20A-A657-40CD-A5DB-8E419F1E1C60}"
	ProjectSection(ProjectDependencies) = postProject
		{563B9C1A-423E-4E47-BA1F-025F8DCD39A1} = {563B9C1A-423E-4E47-BA1F-025F8DCD39A1}
		{14603C65-A3BA-440C-BEEB-0AE89DA933C6} = {14603C65-A3BA-440C-BEEB-0AE89DA933C6}
		{8548B817-4385-41F3-A996-42BD13FFD3CE} = {8548B817-4385-41F3-A996-42BD13FFD3CE}
		{EE961D92-FD5A-4170-872B-E3B0DDE3BD28} = {EE961D92-FD5A-4170-872B-E3B0DDE3BD28}
		{873A94DA-6F2B-4230-AD7E-E7F201A41B36} = {873A94DA-6F2B-4230-AD7E-E7F201A41B36}
		{F366FEF5-2A07-444A-994E-87839E0632FC} = {F366FEF5-2A07-444A-994E-87839E0632FC}
		{3EEFD24F-E81D-4F63-B52C-AD37F365EA92} = {3EEFD24F-E81D-4F63-B52C-AD37F365EA92}
		{BCD2D19F-1734-42E8-B9F1-AE7EFCDF31F2} = {BCD2D19F-1734-42E8-B9F1-AE7EFCDF31F2}
		{5E619FBA-ED3B-45B2-98F5-BF9F28E4F580} = {5E619FBA-ED3B-45B2-98F5-BF9F28E4F580}
		{9CD61997-5D6F-4E04-BD73-3FB85F54038A} = {9CD61997-5D6F-4E04-BD73-3FB85F54038A}
	EndProjectSection
EndProject
Project("{8BC9CEB8-8B4A-11D0-8D11-00A0C91BC942}") = "AppImage", "Mod\Image\App\AppImage.vcproj", "{8548B817-4385-41F3-A996-42BD13FFD3CE}"
	ProjectSection(ProjectDependencies) = postProject
		{5A0AB343-8823-48F8-8CA5-E773B3B451A0} = {5A0AB343-8823-48F8-8CA5-E773B3B451A0}
		{BCD2D19F-1734-42E8-B9F1-AE7EFCDF31F2} = {BCD2D19F-1734-42E8-B9F1-AE7EFCDF31F2}
	EndProjectSection
EndProject
Project("{8BC9CEB8-8B4A-11D0-8D11-00A0C91BC942}") = "AppImageGui", "Mod\Image\Gui\AppImageGui.vcproj", "{2B07BCF1-AFF5-473D-B6E8-2B08F61595ED}"
	ProjectSection(ProjectDependencies) = postProject
		{3D7B3D98-196B-48DF-9A98-AD0DCFF353B2} = {3D7B3D98-196B-48DF-9A98-AD0DCFF353B2}
		{5A0AB343-8823-48F8-8CA5-E773B3B451A0} = {5A0AB343-8823-48F8-8CA5-E773B3B451A0}
		{BCD2D19F-1734-42E8-B9F1-AE7EFCDF31F2} = {BCD2D19F-1734-42E8-B9F1-AE7EFCDF31F2}
		{8548B817-4385-41F3-A996-42BD13FFD3CE} = {8548B817-4385-41F3-A996-42BD13FFD3CE}
	EndProjectSection
EndProject
Project("{8BC9CEB8-8B4A-11D0-8D11-00A0C91BC942}") = "AppImport", "Mod\Import\App\AppImport.vcproj", "{9CD61997-5D6F-4E04-BD73-3FB85F54038A}"
	ProjectSection(ProjectDependencies) = postProject
		{3EEFD24F-E81D-4F63-B52C-AD37F365EA92} = {3EEFD24F-E81D-4F63-B52C-AD37F365EA92}
		{5E619FBA-ED3B-45B2-98F5-BF9F28E4F580} = {5E619FBA-ED3B-45B2-98F5-BF9F28E4F580}
		{5A0AB343-8823-48F8-8CA5-E773B3B451A0} = {5A0AB343-8823-48F8-8CA5-E773B3B451A0}
		{BCD2D19F-1734-42E8-B9F1-AE7EFCDF31F2} = {BCD2D19F-1734-42E8-B9F1-AE7EFCDF31F2}
	EndProjectSection
EndProject
Project("{8BC9CEB8-8B4A-11D0-8D11-00A0C91BC942}") = "AppImportGui", "Mod\Import\Gui\AppImportGui.vcproj", "{E84F173F-B5B9-408C-8637-E53092694D91}"
	ProjectSection(ProjectDependencies) = postProject
		{99DD5FCE-14C9-409C-ADC8-6875807351FC} = {99DD5FCE-14C9-409C-ADC8-6875807351FC}
		{5A0AB343-8823-48F8-8CA5-E773B3B451A0} = {5A0AB343-8823-48F8-8CA5-E773B3B451A0}
		{BCD2D19F-1734-42E8-B9F1-AE7EFCDF31F2} = {BCD2D19F-1734-42E8-B9F1-AE7EFCDF31F2}
		{3D7B3D98-196B-48DF-9A98-AD0DCFF353B2} = {3D7B3D98-196B-48DF-9A98-AD0DCFF353B2}
		{9CD61997-5D6F-4E04-BD73-3FB85F54038A} = {9CD61997-5D6F-4E04-BD73-3FB85F54038A}
	EndProjectSection
EndProject
Project("{8BC9CEB8-8B4A-11D0-8D11-00A0C91BC942}") = "AppMesh", "Mod\Mesh\App\AppMesh.vcproj", "{14603C65-A3BA-440C-BEEB-0AE89DA933C6}"
	ProjectSection(ProjectDependencies) = postProject
		{5E619FBA-ED3B-45B2-98F5-BF9F28E4F580} = {5E619FBA-ED3B-45B2-98F5-BF9F28E4F580}
		{5A0AB343-8823-48F8-8CA5-E773B3B451A0} = {5A0AB343-8823-48F8-8CA5-E773B3B451A0}
		{BCD2D19F-1734-42E8-B9F1-AE7EFCDF31F2} = {BCD2D19F-1734-42E8-B9F1-AE7EFCDF31F2}
	EndProjectSection
EndProject
Project("{8BC9CEB8-8B4A-11D0-8D11-00A0C91BC942}") = "AppMeshGui", "Mod\Mesh\Gui\AppMeshGui.vcproj", "{D3F47771-33A0-47ED-9E0D-C47CCEA4E599}"
	ProjectSection(ProjectDependencies) = postProject
		{3D7B3D98-196B-48DF-9A98-AD0DCFF353B2} = {3D7B3D98-196B-48DF-9A98-AD0DCFF353B2}
		{5A0AB343-8823-48F8-8CA5-E773B3B451A0} = {5A0AB343-8823-48F8-8CA5-E773B3B451A0}
		{BCD2D19F-1734-42E8-B9F1-AE7EFCDF31F2} = {BCD2D19F-1734-42E8-B9F1-AE7EFCDF31F2}
		{14603C65-A3BA-440C-BEEB-0AE89DA933C6} = {14603C65-A3BA-440C-BEEB-0AE89DA933C6}
	EndProjectSection
EndProject
Project("{8BC9CEB8-8B4A-11D0-8D11-00A0C91BC942}") = "AppPart", "Mod\Part\App\AppPart.vcproj", "{5E619FBA-ED3B-45B2-98F5-BF9F28E4F580}"
	ProjectSection(ProjectDependencies) = postProject
		{5A0AB343-8823-48F8-8CA5-E773B3B451A0} = {5A0AB343-8823-48F8-8CA5-E773B3B451A0}
		{BCD2D19F-1734-42E8-B9F1-AE7EFCDF31F2} = {BCD2D19F-1734-42E8-B9F1-AE7EFCDF31F2}
	EndProjectSection
EndProject
Project("{8BC9CEB8-8B4A-11D0-8D11-00A0C91BC942}") = "AppPartGui", "MOD\PART\GUI\AppPartGui.vcproj", "{99DD5FCE-14C9-409C-ADC8-6875807351FC}"
	ProjectSection(ProjectDependencies) = postProject
		{5A0AB343-8823-48F8-8CA5-E773B3B451A0} = {5A0AB343-8823-48F8-8CA5-E773B3B451A0}
		{BCD2D19F-1734-42E8-B9F1-AE7EFCDF31F2} = {BCD2D19F-1734-42E8-B9F1-AE7EFCDF31F2}
		{5E619FBA-ED3B-45B2-98F5-BF9F28E4F580} = {5E619FBA-ED3B-45B2-98F5-BF9F28E4F580}
		{E47A0361-C171-4AEF-A69B-F5E1F73AE08B} = {E47A0361-C171-4AEF-A69B-F5E1F73AE08B}
		{3D7B3D98-196B-48DF-9A98-AD0DCFF353B2} = {3D7B3D98-196B-48DF-9A98-AD0DCFF353B2}
	EndProjectSection
EndProject
Project("{8BC9CEB8-8B4A-11D0-8D11-00A0C91BC942}") = "AppPoints", "Mod\Points\App\AppPoints.vcproj", "{563B9C1A-423E-4E47-BA1F-025F8DCD39A1}"
	ProjectSection(ProjectDependencies) = postProject
		{5A0AB343-8823-48F8-8CA5-E773B3B451A0} = {5A0AB343-8823-48F8-8CA5-E773B3B451A0}
		{BCD2D19F-1734-42E8-B9F1-AE7EFCDF31F2} = {BCD2D19F-1734-42E8-B9F1-AE7EFCDF31F2}
	EndProjectSection
EndProject
Project("{8BC9CEB8-8B4A-11D0-8D11-00A0C91BC942}") = "AppPointsGui", "Mod\Points\Gui\AppPointsGui.vcproj", "{C9FD892C-2AED-4781-A4E7-14503B4C63A3}"
	ProjectSection(ProjectDependencies) = postProject
		{E47A0361-C171-4AEF-A69B-F5E1F73AE08B} = {E47A0361-C171-4AEF-A69B-F5E1F73AE08B}
		{3D7B3D98-196B-48DF-9A98-AD0DCFF353B2} = {3D7B3D98-196B-48DF-9A98-AD0DCFF353B2}
		{5A0AB343-8823-48F8-8CA5-E773B3B451A0} = {5A0AB343-8823-48F8-8CA5-E773B3B451A0}
		{BCD2D19F-1734-42E8-B9F1-AE7EFCDF31F2} = {BCD2D19F-1734-42E8-B9F1-AE7EFCDF31F2}
		{563B9C1A-423E-4E47-BA1F-025F8DCD39A1} = {563B9C1A-423E-4E47-BA1F-025F8DCD39A1}
	EndProjectSection
EndProject
Project("{8BC9CEB8-8B4A-11D0-8D11-00A0C91BC942}") = "AppRaytracing", "Mod\Raytracing\App\AppRaytracing.vcproj", "{873A94DA-6F2B-4230-AD7E-E7F201A41B36}"
	ProjectSection(ProjectDependencies) = postProject
		{5E619FBA-ED3B-45B2-98F5-BF9F28E4F580} = {5E619FBA-ED3B-45B2-98F5-BF9F28E4F580}
		{5A0AB343-8823-48F8-8CA5-E773B3B451A0} = {5A0AB343-8823-48F8-8CA5-E773B3B451A0}
		{BCD2D19F-1734-42E8-B9F1-AE7EFCDF31F2} = {BCD2D19F-1734-42E8-B9F1-AE7EFCDF31F2}
	EndProjectSection
EndProject
Project("{8BC9CEB8-8B4A-11D0-8D11-00A0C91BC942}") = "AppRaytracingGui", "Mod\Raytracing\Gui\AppRaytracingGui.vcproj", "{6CB8C19A-28C1-4727-8284-83C9C1D9EAAF}"
	ProjectSection(ProjectDependencies) = postProject
		{5A0AB343-8823-48F8-8CA5-E773B3B451A0} = {5A0AB343-8823-48F8-8CA5-E773B3B451A0}
		{BCD2D19F-1734-42E8-B9F1-AE7EFCDF31F2} = {BCD2D19F-1734-42E8-B9F1-AE7EFCDF31F2}
		{3D7B3D98-196B-48DF-9A98-AD0DCFF353B2} = {3D7B3D98-196B-48DF-9A98-AD0DCFF353B2}
		{5E619FBA-ED3B-45B2-98F5-BF9F28E4F580} = {5E619FBA-ED3B-45B2-98F5-BF9F28E4F580}
		{873A94DA-6F2B-4230-AD7E-E7F201A41B36} = {873A94DA-6F2B-4230-AD7E-E7F201A41B36}
	EndProjectSection
EndProject
Project("{8BC9CEB8-8B4A-11D0-8D11-00A0C91BC942}") = "AppTest", "Mod\Test\AppTest.vcproj", "{EE961D92-FD5A-4170-872B-E3B0DDE3BD28}"
EndProject
Project("{8BC9CEB8-8B4A-11D0-8D11-00A0C91BC942}") = "App_TEMPLATE_", "Tools\_TEMPLATE_\App\App_TEMPLATE_.vcproj", "{B3865C66-3113-4082-8117-F9E534D0D867}"
	ProjectSection(ProjectDependencies) = postProject
		{5A0AB343-8823-48F8-8CA5-E773B3B451A0} = {5A0AB343-8823-48F8-8CA5-E773B3B451A0}
		{BCD2D19F-1734-42E8-B9F1-AE7EFCDF31F2} = {BCD2D19F-1734-42E8-B9F1-AE7EFCDF31F2}
	EndProjectSection
EndProject
Project("{8BC9CEB8-8B4A-11D0-8D11-00A0C91BC942}") = "App_TEMPLATE_Gui", "Tools\_TEMPLATE_\Gui\App_TEMPLATE_Gui.vcproj", "{10B809DB-0676-4781-9359-250D528CCFF1}"
	ProjectSection(ProjectDependencies) = postProject
		{B3865C66-3113-4082-8117-F9E534D0D867} = {B3865C66-3113-4082-8117-F9E534D0D867}
		{3D7B3D98-196B-48DF-9A98-AD0DCFF353B2} = {3D7B3D98-196B-48DF-9A98-AD0DCFF353B2}
		{5A0AB343-8823-48F8-8CA5-E773B3B451A0} = {5A0AB343-8823-48F8-8CA5-E773B3B451A0}
		{BCD2D19F-1734-42E8-B9F1-AE7EFCDF31F2} = {BCD2D19F-1734-42E8-B9F1-AE7EFCDF31F2}
	EndProjectSection
EndProject
Project("{8BC9CEB8-8B4A-11D0-8D11-00A0C91BC942}") = "FreeCADApp", "App\FreeCADDoc.vcproj", "{BCD2D19F-1734-42E8-B9F1-AE7EFCDF31F2}"
	ProjectSection(ProjectDependencies) = postProject
		{5A0AB343-8823-48F8-8CA5-E773B3B451A0} = {5A0AB343-8823-48F8-8CA5-E773B3B451A0}
	EndProjectSection
EndProject
Project("{8BC9CEB8-8B4A-11D0-8D11-00A0C91BC942}") = "FreeCADBase", "Base\FreeCADBase.vcproj", "{5A0AB343-8823-48F8-8CA5-E773B3B451A0}"
EndProject
Project("{8BC9CEB8-8B4A-11D0-8D11-00A0C91BC942}") = "FreeCADGui", "Gui\FreeCADGui.vcproj", "{3D7B3D98-196B-48DF-9A98-AD0DCFF353B2}"
	ProjectSection(ProjectDependencies) = postProject
		{5A0AB343-8823-48F8-8CA5-E773B3B451A0} = {5A0AB343-8823-48F8-8CA5-E773B3B451A0}
		{BCD2D19F-1734-42E8-B9F1-AE7EFCDF31F2} = {BCD2D19F-1734-42E8-B9F1-AE7EFCDF31F2}
	EndProjectSection
EndProject
Project("{8BC9CEB8-8B4A-11D0-8D11-00A0C91BC942}") = "FreeCADMain", "Main\FreeCADMain.vcproj", "{E47A0361-C171-4AEF-A69B-F5E1F73AE08B}"
	ProjectSection(ProjectDependencies) = postProject
		{3D7B3D98-196B-48DF-9A98-AD0DCFF353B2} = {3D7B3D98-196B-48DF-9A98-AD0DCFF353B2}
		{5A0AB343-8823-48F8-8CA5-E773B3B451A0} = {5A0AB343-8823-48F8-8CA5-E773B3B451A0}
		{BCD2D19F-1734-42E8-B9F1-AE7EFCDF31F2} = {BCD2D19F-1734-42E8-B9F1-AE7EFCDF31F2}
	EndProjectSection
EndProject
Project("{8BC9CEB8-8B4A-11D0-8D11-00A0C91BC942}") = "FreeCADMainCmd", "Main\FreeCADMainCmd.vcproj", "{3EEFD24F-E81D-4F63-B52C-AD37F365EA92}"
	ProjectSection(ProjectDependencies) = postProject
		{5A0AB343-8823-48F8-8CA5-E773B3B451A0} = {5A0AB343-8823-48F8-8CA5-E773B3B451A0}
		{BCD2D19F-1734-42E8-B9F1-AE7EFCDF31F2} = {BCD2D19F-1734-42E8-B9F1-AE7EFCDF31F2}
	EndProjectSection
EndProject
Project("{8BC9CEB8-8B4A-11D0-8D11-00A0C91BC942}") = "FreeCADMainPy", "Main\FreeCADMainPy.vcproj", "{F366FEF5-2A07-444A-994E-87839E0632FC}"
	ProjectSection(ProjectDependencies) = postProject
		{5A0AB343-8823-48F8-8CA5-E773B3B451A0} = {5A0AB343-8823-48F8-8CA5-E773B3B451A0}
		{BCD2D19F-1734-42E8-B9F1-AE7EFCDF31F2} = {BCD2D19F-1734-42E8-B9F1-AE7EFCDF31F2}
	EndProjectSection
EndProject
Project("{8BC9CEB8-8B4A-11D0-8D11-00A0C91BC942}") = "Install", "Build\Install.vcproj", "{23DC5E42-B51A-4210-BB45-92E17E115274}"
	ProjectSection(ProjectDependencies) = postProject
		{79991C7E-DEF7-4513-99E5-84F74617382A} = {79991C7E-DEF7-4513-99E5-84F74617382A}
	EndProjectSection
EndProject
Global
	GlobalSection(SolutionConfigurationPlatforms) = preSolution
		Debug|Win32 = Debug|Win32
		Release|Win32 = Release|Win32
	EndGlobalSection
	GlobalSection(ProjectConfigurationPlatforms) = postSolution
		{79991C7E-DEF7-4513-99E5-84F74617382A}.Debug|Win32.ActiveCfg = Debug|Win32
		{79991C7E-DEF7-4513-99E5-84F74617382A}.Debug|Win32.Build.0 = Debug|Win32
		{79991C7E-DEF7-4513-99E5-84F74617382A}.Release|Win32.ActiveCfg = Release|Win32
		{79991C7E-DEF7-4513-99E5-84F74617382A}.Release|Win32.Build.0 = Release|Win32
		{80D6B20A-A657-40CD-A5DB-8E419F1E1C60}.Debug|Win32.ActiveCfg = Debug|Win32
		{80D6B20A-A657-40CD-A5DB-8E419F1E1C60}.Debug|Win32.Build.0 = Debug|Win32
		{80D6B20A-A657-40CD-A5DB-8E419F1E1C60}.Release|Win32.ActiveCfg = Release|Win32
		{80D6B20A-A657-40CD-A5DB-8E419F1E1C60}.Release|Win32.Build.0 = Release|Win32
		{8548B817-4385-41F3-A996-42BD13FFD3CE}.Debug|Win32.ActiveCfg = Debug|Win32
		{8548B817-4385-41F3-A996-42BD13FFD3CE}.Debug|Win32.Build.0 = Debug|Win32
		{8548B817-4385-41F3-A996-42BD13FFD3CE}.Release|Win32.ActiveCfg = Release|Win32
		{8548B817-4385-41F3-A996-42BD13FFD3CE}.Release|Win32.Build.0 = Release|Win32
		{2B07BCF1-AFF5-473D-B6E8-2B08F61595ED}.Debug|Win32.ActiveCfg = Debug|Win32
		{2B07BCF1-AFF5-473D-B6E8-2B08F61595ED}.Debug|Win32.Build.0 = Debug|Win32
		{2B07BCF1-AFF5-473D-B6E8-2B08F61595ED}.Release|Win32.ActiveCfg = Release|Win32
		{2B07BCF1-AFF5-473D-B6E8-2B08F61595ED}.Release|Win32.Build.0 = Release|Win32
		{9CD61997-5D6F-4E04-BD73-3FB85F54038A}.Debug|Win32.ActiveCfg = Debug|Win32
		{9CD61997-5D6F-4E04-BD73-3FB85F54038A}.Debug|Win32.Build.0 = Debug|Win32
		{9CD61997-5D6F-4E04-BD73-3FB85F54038A}.Release|Win32.ActiveCfg = Release|Win32
		{9CD61997-5D6F-4E04-BD73-3FB85F54038A}.Release|Win32.Build.0 = Release|Win32
		{E84F173F-B5B9-408C-8637-E53092694D91}.Debug|Win32.ActiveCfg = Debug|Win32
		{E84F173F-B5B9-408C-8637-E53092694D91}.Debug|Win32.Build.0 = Debug|Win32
		{E84F173F-B5B9-408C-8637-E53092694D91}.Release|Win32.ActiveCfg = Release|Win32
		{E84F173F-B5B9-408C-8637-E53092694D91}.Release|Win32.Build.0 = Release|Win32
		{14603C65-A3BA-440C-BEEB-0AE89DA933C6}.Debug|Win32.ActiveCfg = Debug|Win32
		{14603C65-A3BA-440C-BEEB-0AE89DA933C6}.Debug|Win32.Build.0 = Debug|Win32
		{14603C65-A3BA-440C-BEEB-0AE89DA933C6}.Release|Win32.ActiveCfg = Release|Win32
		{14603C65-A3BA-440C-BEEB-0AE89DA933C6}.Release|Win32.Build.0 = Release|Win32
		{D3F47771-33A0-47ED-9E0D-C47CCEA4E599}.Debug|Win32.ActiveCfg = Debug|Win32
		{D3F47771-33A0-47ED-9E0D-C47CCEA4E599}.Debug|Win32.Build.0 = Debug|Win32
		{D3F47771-33A0-47ED-9E0D-C47CCEA4E599}.Release|Win32.ActiveCfg = Release|Win32
		{D3F47771-33A0-47ED-9E0D-C47CCEA4E599}.Release|Win32.Build.0 = Release|Win32
		{5E619FBA-ED3B-45B2-98F5-BF9F28E4F580}.Debug|Win32.ActiveCfg = Debug|Win32
		{5E619FBA-ED3B-45B2-98F5-BF9F28E4F580}.Debug|Win32.Build.0 = Debug|Win32
		{5E619FBA-ED3B-45B2-98F5-BF9F28E4F580}.Release|Win32.ActiveCfg = Release|Win32
		{5E619FBA-ED3B-45B2-98F5-BF9F28E4F580}.Release|Win32.Build.0 = Release|Win32
		{99DD5FCE-14C9-409C-ADC8-6875807351FC}.Debug|Win32.ActiveCfg = Debug|Win32
		{99DD5FCE-14C9-409C-ADC8-6875807351FC}.Debug|Win32.Build.0 = Debug|Win32
		{99DD5FCE-14C9-409C-ADC8-6875807351FC}.Release|Win32.ActiveCfg = Release|Win32
		{99DD5FCE-14C9-409C-ADC8-6875807351FC}.Release|Win32.Build.0 = Release|Win32
		{563B9C1A-423E-4E47-BA1F-025F8DCD39A1}.Debug|Win32.ActiveCfg = Debug|Win32
		{563B9C1A-423E-4E47-BA1F-025F8DCD39A1}.Debug|Win32.Build.0 = Debug|Win32
		{563B9C1A-423E-4E47-BA1F-025F8DCD39A1}.Release|Win32.ActiveCfg = Release|Win32
		{563B9C1A-423E-4E47-BA1F-025F8DCD39A1}.Release|Win32.Build.0 = Release|Win32
		{C9FD892C-2AED-4781-A4E7-14503B4C63A3}.Debug|Win32.ActiveCfg = Debug|Win32
		{C9FD892C-2AED-4781-A4E7-14503B4C63A3}.Debug|Win32.Build.0 = Debug|Win32
		{C9FD892C-2AED-4781-A4E7-14503B4C63A3}.Release|Win32.ActiveCfg = Release|Win32
		{C9FD892C-2AED-4781-A4E7-14503B4C63A3}.Release|Win32.Build.0 = Release|Win32
		{873A94DA-6F2B-4230-AD7E-E7F201A41B36}.Debug|Win32.ActiveCfg = Debug|Win32
		{873A94DA-6F2B-4230-AD7E-E7F201A41B36}.Debug|Win32.Build.0 = Debug|Win32
		{873A94DA-6F2B-4230-AD7E-E7F201A41B36}.Release|Win32.ActiveCfg = Release|Win32
		{873A94DA-6F2B-4230-AD7E-E7F201A41B36}.Release|Win32.Build.0 = Release|Win32
		{6CB8C19A-28C1-4727-8284-83C9C1D9EAAF}.Debug|Win32.ActiveCfg = Debug|Win32
		{6CB8C19A-28C1-4727-8284-83C9C1D9EAAF}.Debug|Win32.Build.0 = Debug|Win32
		{6CB8C19A-28C1-4727-8284-83C9C1D9EAAF}.Release|Win32.ActiveCfg = Release|Win32
		{6CB8C19A-28C1-4727-8284-83C9C1D9EAAF}.Release|Win32.Build.0 = Release|Win32
		{EE961D92-FD5A-4170-872B-E3B0DDE3BD28}.Debug|Win32.ActiveCfg = Debug|Win32
		{EE961D92-FD5A-4170-872B-E3B0DDE3BD28}.Debug|Win32.Build.0 = Debug|Win32
		{EE961D92-FD5A-4170-872B-E3B0DDE3BD28}.Release|Win32.ActiveCfg = Release|Win32
		{EE961D92-FD5A-4170-872B-E3B0DDE3BD28}.Release|Win32.Build.0 = Release|Win32
		{B3865C66-3113-4082-8117-F9E534D0D867}.Debug|Win32.ActiveCfg = Debug|Win32
		{B3865C66-3113-4082-8117-F9E534D0D867}.Debug|Win32.Build.0 = Debug|Win32
		{B3865C66-3113-4082-8117-F9E534D0D867}.Release|Win32.ActiveCfg = Release|Win32
		{B3865C66-3113-4082-8117-F9E534D0D867}.Release|Win32.Build.0 = Release|Win32
		{10B809DB-0676-4781-9359-250D528CCFF1}.Debug|Win32.ActiveCfg = Debug|Win32
		{10B809DB-0676-4781-9359-250D528CCFF1}.Debug|Win32.Build.0 = Debug|Win32
		{10B809DB-0676-4781-9359-250D528CCFF1}.Release|Win32.ActiveCfg = Release|Win32
		{10B809DB-0676-4781-9359-250D528CCFF1}.Release|Win32.Build.0 = Release|Win32
		{BCD2D19F-1734-42E8-B9F1-AE7EFCDF31F2}.Debug|Win32.ActiveCfg = Debug|Win32
		{BCD2D19F-1734-42E8-B9F1-AE7EFCDF31F2}.Debug|Win32.Build.0 = Debug|Win32
		{BCD2D19F-1734-42E8-B9F1-AE7EFCDF31F2}.Release|Win32.ActiveCfg = Release|Win32
		{BCD2D19F-1734-42E8-B9F1-AE7EFCDF31F2}.Release|Win32.Build.0 = Release|Win32
		{5A0AB343-8823-48F8-8CA5-E773B3B451A0}.Debug|Win32.ActiveCfg = Debug|Win32
		{5A0AB343-8823-48F8-8CA5-E773B3B451A0}.Debug|Win32.Build.0 = Debug|Win32
		{5A0AB343-8823-48F8-8CA5-E773B3B451A0}.Release|Win32.ActiveCfg = Release|Win32
		{5A0AB343-8823-48F8-8CA5-E773B3B451A0}.Release|Win32.Build.0 = Release|Win32
		{3D7B3D98-196B-48DF-9A98-AD0DCFF353B2}.Debug|Win32.ActiveCfg = Debug|Win32
		{3D7B3D98-196B-48DF-9A98-AD0DCFF353B2}.Debug|Win32.Build.0 = Debug|Win32
		{3D7B3D98-196B-48DF-9A98-AD0DCFF353B2}.Release|Win32.ActiveCfg = Release|Win32
		{3D7B3D98-196B-48DF-9A98-AD0DCFF353B2}.Release|Win32.Build.0 = Release|Win32
		{E47A0361-C171-4AEF-A69B-F5E1F73AE08B}.Debug|Win32.ActiveCfg = Debug|Win32
		{E47A0361-C171-4AEF-A69B-F5E1F73AE08B}.Debug|Win32.Build.0 = Debug|Win32
		{E47A0361-C171-4AEF-A69B-F5E1F73AE08B}.Release|Win32.ActiveCfg = Release|Win32
		{E47A0361-C171-4AEF-A69B-F5E1F73AE08B}.Release|Win32.Build.0 = Release|Win32
		{3EEFD24F-E81D-4F63-B52C-AD37F365EA92}.Debug|Win32.ActiveCfg = Debug|Win32
		{3EEFD24F-E81D-4F63-B52C-AD37F365EA92}.Debug|Win32.Build.0 = Debug|Win32
		{3EEFD24F-E81D-4F63-B52C-AD37F365EA92}.Release|Win32.ActiveCfg = Release|Win32
		{3EEFD24F-E81D-4F63-B52C-AD37F365EA92}.Release|Win32.Build.0 = Release|Win32
		{F366FEF5-2A07-444A-994E-87839E0632FC}.Debug|Win32.ActiveCfg = Debug|Win32
		{F366FEF5-2A07-444A-994E-87839E0632FC}.Debug|Win32.Build.0 = Debug|Win32
		{F366FEF5-2A07-444A-994E-87839E0632FC}.Release|Win32.ActiveCfg = Release|Win32
		{F366FEF5-2A07-444A-994E-87839E0632FC}.Release|Win32.Build.0 = Release|Win32
		{23DC5E42-B51A-4210-BB45-92E17E115274}.Debug|Win32.ActiveCfg = Debug|Win32
		{23DC5E42-B51A-4210-BB45-92E17E115274}.Debug|Win32.Build.0 = Debug|Win32
		{23DC5E42-B51A-4210-BB45-92E17E115274}.Release|Win32.ActiveCfg = Release|Win32
		{23DC5E42-B51A-4210-BB45-92E17E115274}.Release|Win32.Build.0 = Release|Win32
	EndGlobalSection
	GlobalSection(SolutionProperties) = preSolution
		HideSolutionNode = FALSE
	EndGlobalSection
EndGlobal
