
Microsoft Visual Studio Solution File, Format Version 9.00
# Visual C++ Express 2005
Project("{8BC9CEB8-8B4A-11D0-8D11-00A0C91BC942}") = "All", "All.vcproj", "{7F5921CA-7466-469B-8B26-B296F7CB0A89}"
	ProjectSection(ProjectDependencies) = postProject
		{D2979C60-AC10-4154-931D-33AA3CAB2D8B} = {D2979C60-AC10-4154-931D-33AA3CAB2D8B}
		{24EA5CBA-671E-448B-A08B-F21350126875} = {24EA5CBA-671E-448B-A08B-F21350126875}
		{2095B61C-F958-47EE-86DA-EFB0275292C9} = {2095B61C-F958-47EE-86DA-EFB0275292C9}
		{D2F23D66-F11D-4F54-8C14-0C13A017028D} = {D2F23D66-F11D-4F54-8C14-0C13A017028D}
		{980BDEC7-D4B7-4BB3-A6AB-8E4A5618EB8B} = {980BDEC7-D4B7-4BB3-A6AB-8E4A5618EB8B}
		{CA508E14-83BF-43DC-9892-D257F5721F0A} = {CA508E14-83BF-43DC-9892-D257F5721F0A}
		{564B539B-8E23-4B80-93A5-B0630D37DAAB} = {564B539B-8E23-4B80-93A5-B0630D37DAAB}
		{27AF5171-A2DA-4F99-B34B-D49B3F101740} = {27AF5171-A2DA-4F99-B34B-D49B3F101740}
		{3D42BF4C-FA2C-4C9B-B8A6-E6FEA4F782BF} = {3D42BF4C-FA2C-4C9B-B8A6-E6FEA4F782BF}
	EndProjectSection
EndProject
Project("{8BC9CEB8-8B4A-11D0-8D11-00A0C91BC942}") = "All Cmd Files", "All Cmd Files.vcproj", "{D2F23D66-F11D-4F54-8C14-0C13A017028D}"
	ProjectSection(ProjectDependencies) = postProject
		{EA25280A-9603-4D95-82BD-0AB0F98B2FEF} = {EA25280A-9603-4D95-82BD-0AB0F98B2FEF}
		{ADC96018-3EC4-462C-AC68-4D41EA5679D0} = {ADC96018-3EC4-462C-AC68-4D41EA5679D0}
		{6156A4AD-EF93-4E8F-A477-E770DEC4F267} = {6156A4AD-EF93-4E8F-A477-E770DEC4F267}
		{D4AD1172-562D-445E-8177-89F8C80A272B} = {D4AD1172-562D-445E-8177-89F8C80A272B}
		{DFB4F5C0-20F8-4B9F-B7D7-3395B80D98A0} = {DFB4F5C0-20F8-4B9F-B7D7-3395B80D98A0}
		{ED660400-64D5-4EF5-B220-D4FDF1C70E76} = {ED660400-64D5-4EF5-B220-D4FDF1C70E76}
		{7D765AE5-CB4C-4CB5-B09D-7C66D91F944E} = {7D765AE5-CB4C-4CB5-B09D-7C66D91F944E}
		{457E855F-1F6D-421B-A51E-EFB1BF99275D} = {457E855F-1F6D-421B-A51E-EFB1BF99275D}
		{0C42BC31-709D-41BF-A631-3685F37BAB5B} = {0C42BC31-709D-41BF-A631-3685F37BAB5B}
		{D8C41B65-4593-4540-BFC2-E96BF1155885} = {D8C41B65-4593-4540-BFC2-E96BF1155885}
	EndProjectSection
EndProject
Project("{8BC9CEB8-8B4A-11D0-8D11-00A0C91BC942}") = "AppImage", "Mod\Image\App\AppImage.vcproj", "{6156A4AD-EF93-4E8F-A477-E770DEC4F267}"
	ProjectSection(ProjectDependencies) = postProject
		{DE91B824-68F8-4080-85F7-A347B27032F0} = {DE91B824-68F8-4080-85F7-A347B27032F0}
		{457E855F-1F6D-421B-A51E-EFB1BF99275D} = {457E855F-1F6D-421B-A51E-EFB1BF99275D}
	EndProjectSection
EndProject
Project("{8BC9CEB8-8B4A-11D0-8D11-00A0C91BC942}") = "AppImageGui", "Mod\Image\Gui\AppImageGui.vcproj", "{2095B61C-F958-47EE-86DA-EFB0275292C9}"
	ProjectSection(ProjectDependencies) = postProject
		{C984C4FC-859B-4E96-9DC7-85296B71332F} = {C984C4FC-859B-4E96-9DC7-85296B71332F}
		{DE91B824-68F8-4080-85F7-A347B27032F0} = {DE91B824-68F8-4080-85F7-A347B27032F0}
		{457E855F-1F6D-421B-A51E-EFB1BF99275D} = {457E855F-1F6D-421B-A51E-EFB1BF99275D}
		{6156A4AD-EF93-4E8F-A477-E770DEC4F267} = {6156A4AD-EF93-4E8F-A477-E770DEC4F267}
	EndProjectSection
EndProject
Project("{8BC9CEB8-8B4A-11D0-8D11-00A0C91BC942}") = "AppImport", "Mod\Import\App\AppImport.vcproj", "{D8C41B65-4593-4540-BFC2-E96BF1155885}"
	ProjectSection(ProjectDependencies) = postProject
		{7D765AE5-CB4C-4CB5-B09D-7C66D91F944E} = {7D765AE5-CB4C-4CB5-B09D-7C66D91F944E}
		{0C42BC31-709D-41BF-A631-3685F37BAB5B} = {0C42BC31-709D-41BF-A631-3685F37BAB5B}
		{DE91B824-68F8-4080-85F7-A347B27032F0} = {DE91B824-68F8-4080-85F7-A347B27032F0}
		{457E855F-1F6D-421B-A51E-EFB1BF99275D} = {457E855F-1F6D-421B-A51E-EFB1BF99275D}
	EndProjectSection
EndProject
Project("{8BC9CEB8-8B4A-11D0-8D11-00A0C91BC942}") = "AppImportGui", "Mod\Import\Gui\AppImportGui.vcproj", "{564B539B-8E23-4B80-93A5-B0630D37DAAB}"
	ProjectSection(ProjectDependencies) = postProject
		{27AF5171-A2DA-4F99-B34B-D49B3F101740} = {27AF5171-A2DA-4F99-B34B-D49B3F101740}
		{DE91B824-68F8-4080-85F7-A347B27032F0} = {DE91B824-68F8-4080-85F7-A347B27032F0}
		{457E855F-1F6D-421B-A51E-EFB1BF99275D} = {457E855F-1F6D-421B-A51E-EFB1BF99275D}
		{C984C4FC-859B-4E96-9DC7-85296B71332F} = {C984C4FC-859B-4E96-9DC7-85296B71332F}
		{D8C41B65-4593-4540-BFC2-E96BF1155885} = {D8C41B65-4593-4540-BFC2-E96BF1155885}
	EndProjectSection
EndProject
Project("{8BC9CEB8-8B4A-11D0-8D11-00A0C91BC942}") = "AppMesh", "Mod\Mesh\App\AppMesh.vcproj", "{ADC96018-3EC4-462C-AC68-4D41EA5679D0}"
	ProjectSection(ProjectDependencies) = postProject
		{0C42BC31-709D-41BF-A631-3685F37BAB5B} = {0C42BC31-709D-41BF-A631-3685F37BAB5B}
		{DE91B824-68F8-4080-85F7-A347B27032F0} = {DE91B824-68F8-4080-85F7-A347B27032F0}
		{457E855F-1F6D-421B-A51E-EFB1BF99275D} = {457E855F-1F6D-421B-A51E-EFB1BF99275D}
	EndProjectSection
EndProject
Project("{8BC9CEB8-8B4A-11D0-8D11-00A0C91BC942}") = "AppMeshGui", "Mod\Mesh\Gui\AppMeshGui.vcproj", "{CA508E14-83BF-43DC-9892-D257F5721F0A}"
	ProjectSection(ProjectDependencies) = postProject
		{C984C4FC-859B-4E96-9DC7-85296B71332F} = {C984C4FC-859B-4E96-9DC7-85296B71332F}
		{DE91B824-68F8-4080-85F7-A347B27032F0} = {DE91B824-68F8-4080-85F7-A347B27032F0}
		{457E855F-1F6D-421B-A51E-EFB1BF99275D} = {457E855F-1F6D-421B-A51E-EFB1BF99275D}
		{ADC96018-3EC4-462C-AC68-4D41EA5679D0} = {ADC96018-3EC4-462C-AC68-4D41EA5679D0}
	EndProjectSection
EndProject
Project("{8BC9CEB8-8B4A-11D0-8D11-00A0C91BC942}") = "AppPart", "Mod\Part\App\AppPart.vcproj", "{0C42BC31-709D-41BF-A631-3685F37BAB5B}"
	ProjectSection(ProjectDependencies) = postProject
		{DE91B824-68F8-4080-85F7-A347B27032F0} = {DE91B824-68F8-4080-85F7-A347B27032F0}
		{457E855F-1F6D-421B-A51E-EFB1BF99275D} = {457E855F-1F6D-421B-A51E-EFB1BF99275D}
	EndProjectSection
EndProject
Project("{8BC9CEB8-8B4A-11D0-8D11-00A0C91BC942}") = "AppPartGui", "MOD\PART\GUI\AppPartGui.vcproj", "{27AF5171-A2DA-4F99-B34B-D49B3F101740}"
	ProjectSection(ProjectDependencies) = postProject
		{DE91B824-68F8-4080-85F7-A347B27032F0} = {DE91B824-68F8-4080-85F7-A347B27032F0}
		{457E855F-1F6D-421B-A51E-EFB1BF99275D} = {457E855F-1F6D-421B-A51E-EFB1BF99275D}
		{0C42BC31-709D-41BF-A631-3685F37BAB5B} = {0C42BC31-709D-41BF-A631-3685F37BAB5B}
		{3D42BF4C-FA2C-4C9B-B8A6-E6FEA4F782BF} = {3D42BF4C-FA2C-4C9B-B8A6-E6FEA4F782BF}
		{C984C4FC-859B-4E96-9DC7-85296B71332F} = {C984C4FC-859B-4E96-9DC7-85296B71332F}
	EndProjectSection
EndProject
Project("{8BC9CEB8-8B4A-11D0-8D11-00A0C91BC942}") = "AppPoints", "Mod\Points\App\AppPoints.vcproj", "{EA25280A-9603-4D95-82BD-0AB0F98B2FEF}"
	ProjectSection(ProjectDependencies) = postProject
		{DE91B824-68F8-4080-85F7-A347B27032F0} = {DE91B824-68F8-4080-85F7-A347B27032F0}
		{457E855F-1F6D-421B-A51E-EFB1BF99275D} = {457E855F-1F6D-421B-A51E-EFB1BF99275D}
	EndProjectSection
EndProject
Project("{8BC9CEB8-8B4A-11D0-8D11-00A0C91BC942}") = "AppPointsGui", "Mod\Points\Gui\AppPointsGui.vcproj", "{24EA5CBA-671E-448B-A08B-F21350126875}"
	ProjectSection(ProjectDependencies) = postProject
		{3D42BF4C-FA2C-4C9B-B8A6-E6FEA4F782BF} = {3D42BF4C-FA2C-4C9B-B8A6-E6FEA4F782BF}
		{C984C4FC-859B-4E96-9DC7-85296B71332F} = {C984C4FC-859B-4E96-9DC7-85296B71332F}
		{DE91B824-68F8-4080-85F7-A347B27032F0} = {DE91B824-68F8-4080-85F7-A347B27032F0}
		{457E855F-1F6D-421B-A51E-EFB1BF99275D} = {457E855F-1F6D-421B-A51E-EFB1BF99275D}
		{EA25280A-9603-4D95-82BD-0AB0F98B2FEF} = {EA25280A-9603-4D95-82BD-0AB0F98B2FEF}
	EndProjectSection
EndProject
Project("{8BC9CEB8-8B4A-11D0-8D11-00A0C91BC942}") = "AppRaytracing", "Mod\Raytracing\App\AppRaytracing.vcproj", "{DFB4F5C0-20F8-4B9F-B7D7-3395B80D98A0}"
	ProjectSection(ProjectDependencies) = postProject
		{0C42BC31-709D-41BF-A631-3685F37BAB5B} = {0C42BC31-709D-41BF-A631-3685F37BAB5B}
		{DE91B824-68F8-4080-85F7-A347B27032F0} = {DE91B824-68F8-4080-85F7-A347B27032F0}
		{457E855F-1F6D-421B-A51E-EFB1BF99275D} = {457E855F-1F6D-421B-A51E-EFB1BF99275D}
	EndProjectSection
EndProject
Project("{8BC9CEB8-8B4A-11D0-8D11-00A0C91BC942}") = "AppRaytracingGui", "Mod\Raytracing\Gui\AppRaytracingGui.vcproj", "{980BDEC7-D4B7-4BB3-A6AB-8E4A5618EB8B}"
	ProjectSection(ProjectDependencies) = postProject
		{DE91B824-68F8-4080-85F7-A347B27032F0} = {DE91B824-68F8-4080-85F7-A347B27032F0}
		{457E855F-1F6D-421B-A51E-EFB1BF99275D} = {457E855F-1F6D-421B-A51E-EFB1BF99275D}
		{C984C4FC-859B-4E96-9DC7-85296B71332F} = {C984C4FC-859B-4E96-9DC7-85296B71332F}
		{0C42BC31-709D-41BF-A631-3685F37BAB5B} = {0C42BC31-709D-41BF-A631-3685F37BAB5B}
		{DFB4F5C0-20F8-4B9F-B7D7-3395B80D98A0} = {DFB4F5C0-20F8-4B9F-B7D7-3395B80D98A0}
	EndProjectSection
EndProject
Project("{8BC9CEB8-8B4A-11D0-8D11-00A0C91BC942}") = "AppTest", "Mod\Test\AppTest.vcproj", "{D4AD1172-562D-445E-8177-89F8C80A272B}"
EndProject
Project("{8BC9CEB8-8B4A-11D0-8D11-00A0C91BC942}") = "App_TEMPLATE_", "Tools\_TEMPLATE_\App\App_TEMPLATE_.vcproj", "{D5538AE6-0358-405A-8DBF-6DC34A4489E7}"
	ProjectSection(ProjectDependencies) = postProject
		{DE91B824-68F8-4080-85F7-A347B27032F0} = {DE91B824-68F8-4080-85F7-A347B27032F0}
		{457E855F-1F6D-421B-A51E-EFB1BF99275D} = {457E855F-1F6D-421B-A51E-EFB1BF99275D}
	EndProjectSection
EndProject
Project("{8BC9CEB8-8B4A-11D0-8D11-00A0C91BC942}") = "App_TEMPLATE_Gui", "Tools\_TEMPLATE_\Gui\App_TEMPLATE_Gui.vcproj", "{D2979C60-AC10-4154-931D-33AA3CAB2D8B}"
	ProjectSection(ProjectDependencies) = postProject
		{D5538AE6-0358-405A-8DBF-6DC34A4489E7} = {D5538AE6-0358-405A-8DBF-6DC34A4489E7}
		{C984C4FC-859B-4E96-9DC7-85296B71332F} = {C984C4FC-859B-4E96-9DC7-85296B71332F}
		{DE91B824-68F8-4080-85F7-A347B27032F0} = {DE91B824-68F8-4080-85F7-A347B27032F0}
		{457E855F-1F6D-421B-A51E-EFB1BF99275D} = {457E855F-1F6D-421B-A51E-EFB1BF99275D}
	EndProjectSection
EndProject
Project("{8BC9CEB8-8B4A-11D0-8D11-00A0C91BC942}") = "FreeCADApp", "App\FreeCADDoc.vcproj", "{457E855F-1F6D-421B-A51E-EFB1BF99275D}"
	ProjectSection(ProjectDependencies) = postProject
		{DE91B824-68F8-4080-85F7-A347B27032F0} = {DE91B824-68F8-4080-85F7-A347B27032F0}
	EndProjectSection
EndProject
Project("{8BC9CEB8-8B4A-11D0-8D11-00A0C91BC942}") = "FreeCADBase", "Base\FreeCADBase.vcproj", "{DE91B824-68F8-4080-85F7-A347B27032F0}"
EndProject
Project("{8BC9CEB8-8B4A-11D0-8D11-00A0C91BC942}") = "FreeCADGui", "Gui\FreeCADGui.vcproj", "{C984C4FC-859B-4E96-9DC7-85296B71332F}"
	ProjectSection(ProjectDependencies) = postProject
		{DE91B824-68F8-4080-85F7-A347B27032F0} = {DE91B824-68F8-4080-85F7-A347B27032F0}
		{457E855F-1F6D-421B-A51E-EFB1BF99275D} = {457E855F-1F6D-421B-A51E-EFB1BF99275D}
	EndProjectSection
EndProject
Project("{8BC9CEB8-8B4A-11D0-8D11-00A0C91BC942}") = "FreeCADMain", "Main\FreeCADMain.vcproj", "{3D42BF4C-FA2C-4C9B-B8A6-E6FEA4F782BF}"
	ProjectSection(ProjectDependencies) = postProject
		{C984C4FC-859B-4E96-9DC7-85296B71332F} = {C984C4FC-859B-4E96-9DC7-85296B71332F}
		{DE91B824-68F8-4080-85F7-A347B27032F0} = {DE91B824-68F8-4080-85F7-A347B27032F0}
		{457E855F-1F6D-421B-A51E-EFB1BF99275D} = {457E855F-1F6D-421B-A51E-EFB1BF99275D}
	EndProjectSection
EndProject
Project("{8BC9CEB8-8B4A-11D0-8D11-00A0C91BC942}") = "FreeCADMainCmd", "Main\FreeCADMainCmd.vcproj", "{7D765AE5-CB4C-4CB5-B09D-7C66D91F944E}"
	ProjectSection(ProjectDependencies) = postProject
		{DE91B824-68F8-4080-85F7-A347B27032F0} = {DE91B824-68F8-4080-85F7-A347B27032F0}
		{457E855F-1F6D-421B-A51E-EFB1BF99275D} = {457E855F-1F6D-421B-A51E-EFB1BF99275D}
	EndProjectSection
EndProject
Project("{8BC9CEB8-8B4A-11D0-8D11-00A0C91BC942}") = "FreeCADMainPy", "Main\FreeCADMainPy.vcproj", "{ED660400-64D5-4EF5-B220-D4FDF1C70E76}"
	ProjectSection(ProjectDependencies) = postProject
		{DE91B824-68F8-4080-85F7-A347B27032F0} = {DE91B824-68F8-4080-85F7-A347B27032F0}
		{457E855F-1F6D-421B-A51E-EFB1BF99275D} = {457E855F-1F6D-421B-A51E-EFB1BF99275D}
	EndProjectSection
EndProject
Project("{8BC9CEB8-8B4A-11D0-8D11-00A0C91BC942}") = "Install", "Build\Install.vcproj", "{010CF285-C420-403F-A4D1-A9F78DB22326}"
	ProjectSection(ProjectDependencies) = postProject
		{7F5921CA-7466-469B-8B26-B296F7CB0A89} = {7F5921CA-7466-469B-8B26-B296F7CB0A89}
	EndProjectSection
EndProject
Global
	GlobalSection(SolutionConfigurationPlatforms) = preSolution
		Debug|Win32 = Debug|Win32
		Release|Win32 = Release|Win32
	EndGlobalSection
	GlobalSection(ProjectConfigurationPlatforms) = postSolution
		{7F5921CA-7466-469B-8B26-B296F7CB0A89}.Debug|Win32.ActiveCfg = Debug|Win32
		{7F5921CA-7466-469B-8B26-B296F7CB0A89}.Debug|Win32.Build.0 = Debug|Win32
		{7F5921CA-7466-469B-8B26-B296F7CB0A89}.Release|Win32.ActiveCfg = Release|Win32
		{7F5921CA-7466-469B-8B26-B296F7CB0A89}.Release|Win32.Build.0 = Release|Win32
		{D2F23D66-F11D-4F54-8C14-0C13A017028D}.Debug|Win32.ActiveCfg = Debug|Win32
		{D2F23D66-F11D-4F54-8C14-0C13A017028D}.Debug|Win32.Build.0 = Debug|Win32
		{D2F23D66-F11D-4F54-8C14-0C13A017028D}.Release|Win32.ActiveCfg = Release|Win32
		{D2F23D66-F11D-4F54-8C14-0C13A017028D}.Release|Win32.Build.0 = Release|Win32
		{6156A4AD-EF93-4E8F-A477-E770DEC4F267}.Debug|Win32.ActiveCfg = Debug|Win32
		{6156A4AD-EF93-4E8F-A477-E770DEC4F267}.Debug|Win32.Build.0 = Debug|Win32
		{6156A4AD-EF93-4E8F-A477-E770DEC4F267}.Release|Win32.ActiveCfg = Release|Win32
		{6156A4AD-EF93-4E8F-A477-E770DEC4F267}.Release|Win32.Build.0 = Release|Win32
		{2095B61C-F958-47EE-86DA-EFB0275292C9}.Debug|Win32.ActiveCfg = Debug|Win32
		{2095B61C-F958-47EE-86DA-EFB0275292C9}.Debug|Win32.Build.0 = Debug|Win32
		{2095B61C-F958-47EE-86DA-EFB0275292C9}.Release|Win32.ActiveCfg = Release|Win32
		{2095B61C-F958-47EE-86DA-EFB0275292C9}.Release|Win32.Build.0 = Release|Win32
		{D8C41B65-4593-4540-BFC2-E96BF1155885}.Debug|Win32.ActiveCfg = Debug|Win32
		{D8C41B65-4593-4540-BFC2-E96BF1155885}.Debug|Win32.Build.0 = Debug|Win32
		{D8C41B65-4593-4540-BFC2-E96BF1155885}.Release|Win32.ActiveCfg = Release|Win32
		{D8C41B65-4593-4540-BFC2-E96BF1155885}.Release|Win32.Build.0 = Release|Win32
		{564B539B-8E23-4B80-93A5-B0630D37DAAB}.Debug|Win32.ActiveCfg = Debug|Win32
		{564B539B-8E23-4B80-93A5-B0630D37DAAB}.Debug|Win32.Build.0 = Debug|Win32
		{564B539B-8E23-4B80-93A5-B0630D37DAAB}.Release|Win32.ActiveCfg = Release|Win32
		{564B539B-8E23-4B80-93A5-B0630D37DAAB}.Release|Win32.Build.0 = Release|Win32
		{ADC96018-3EC4-462C-AC68-4D41EA5679D0}.Debug|Win32.ActiveCfg = Debug|Win32
		{ADC96018-3EC4-462C-AC68-4D41EA5679D0}.Debug|Win32.Build.0 = Debug|Win32
		{ADC96018-3EC4-462C-AC68-4D41EA5679D0}.Release|Win32.ActiveCfg = Release|Win32
		{ADC96018-3EC4-462C-AC68-4D41EA5679D0}.Release|Win32.Build.0 = Release|Win32
		{CA508E14-83BF-43DC-9892-D257F5721F0A}.Debug|Win32.ActiveCfg = Debug|Win32
		{CA508E14-83BF-43DC-9892-D257F5721F0A}.Debug|Win32.Build.0 = Debug|Win32
		{CA508E14-83BF-43DC-9892-D257F5721F0A}.Release|Win32.ActiveCfg = Release|Win32
		{CA508E14-83BF-43DC-9892-D257F5721F0A}.Release|Win32.Build.0 = Release|Win32
		{0C42BC31-709D-41BF-A631-3685F37BAB5B}.Debug|Win32.ActiveCfg = Debug|Win32
		{0C42BC31-709D-41BF-A631-3685F37BAB5B}.Debug|Win32.Build.0 = Debug|Win32
		{0C42BC31-709D-41BF-A631-3685F37BAB5B}.Release|Win32.ActiveCfg = Release|Win32
		{0C42BC31-709D-41BF-A631-3685F37BAB5B}.Release|Win32.Build.0 = Release|Win32
		{27AF5171-A2DA-4F99-B34B-D49B3F101740}.Debug|Win32.ActiveCfg = Debug|Win32
		{27AF5171-A2DA-4F99-B34B-D49B3F101740}.Debug|Win32.Build.0 = Debug|Win32
		{27AF5171-A2DA-4F99-B34B-D49B3F101740}.Release|Win32.ActiveCfg = Release|Win32
		{27AF5171-A2DA-4F99-B34B-D49B3F101740}.Release|Win32.Build.0 = Release|Win32
		{EA25280A-9603-4D95-82BD-0AB0F98B2FEF}.Debug|Win32.ActiveCfg = Debug|Win32
		{EA25280A-9603-4D95-82BD-0AB0F98B2FEF}.Debug|Win32.Build.0 = Debug|Win32
		{EA25280A-9603-4D95-82BD-0AB0F98B2FEF}.Release|Win32.ActiveCfg = Release|Win32
		{EA25280A-9603-4D95-82BD-0AB0F98B2FEF}.Release|Win32.Build.0 = Release|Win32
		{24EA5CBA-671E-448B-A08B-F21350126875}.Debug|Win32.ActiveCfg = Debug|Win32
		{24EA5CBA-671E-448B-A08B-F21350126875}.Debug|Win32.Build.0 = Debug|Win32
		{24EA5CBA-671E-448B-A08B-F21350126875}.Release|Win32.ActiveCfg = Release|Win32
		{24EA5CBA-671E-448B-A08B-F21350126875}.Release|Win32.Build.0 = Release|Win32
		{DFB4F5C0-20F8-4B9F-B7D7-3395B80D98A0}.Debug|Win32.ActiveCfg = Debug|Win32
		{DFB4F5C0-20F8-4B9F-B7D7-3395B80D98A0}.Debug|Win32.Build.0 = Debug|Win32
		{DFB4F5C0-20F8-4B9F-B7D7-3395B80D98A0}.Release|Win32.ActiveCfg = Release|Win32
		{DFB4F5C0-20F8-4B9F-B7D7-3395B80D98A0}.Release|Win32.Build.0 = Release|Win32
		{980BDEC7-D4B7-4BB3-A6AB-8E4A5618EB8B}.Debug|Win32.ActiveCfg = Debug|Win32
		{980BDEC7-D4B7-4BB3-A6AB-8E4A5618EB8B}.Debug|Win32.Build.0 = Debug|Win32
		{980BDEC7-D4B7-4BB3-A6AB-8E4A5618EB8B}.Release|Win32.ActiveCfg = Release|Win32
		{980BDEC7-D4B7-4BB3-A6AB-8E4A5618EB8B}.Release|Win32.Build.0 = Release|Win32
		{D4AD1172-562D-445E-8177-89F8C80A272B}.Debug|Win32.ActiveCfg = Debug|Win32
		{D4AD1172-562D-445E-8177-89F8C80A272B}.Debug|Win32.Build.0 = Debug|Win32
		{D4AD1172-562D-445E-8177-89F8C80A272B}.Release|Win32.ActiveCfg = Release|Win32
		{D4AD1172-562D-445E-8177-89F8C80A272B}.Release|Win32.Build.0 = Release|Win32
		{D5538AE6-0358-405A-8DBF-6DC34A4489E7}.Debug|Win32.ActiveCfg = Debug|Win32
		{D5538AE6-0358-405A-8DBF-6DC34A4489E7}.Debug|Win32.Build.0 = Debug|Win32
		{D5538AE6-0358-405A-8DBF-6DC34A4489E7}.Release|Win32.ActiveCfg = Release|Win32
		{D5538AE6-0358-405A-8DBF-6DC34A4489E7}.Release|Win32.Build.0 = Release|Win32
		{D2979C60-AC10-4154-931D-33AA3CAB2D8B}.Debug|Win32.ActiveCfg = Debug|Win32
		{D2979C60-AC10-4154-931D-33AA3CAB2D8B}.Debug|Win32.Build.0 = Debug|Win32
		{D2979C60-AC10-4154-931D-33AA3CAB2D8B}.Release|Win32.ActiveCfg = Release|Win32
		{D2979C60-AC10-4154-931D-33AA3CAB2D8B}.Release|Win32.Build.0 = Release|Win32
		{457E855F-1F6D-421B-A51E-EFB1BF99275D}.Debug|Win32.ActiveCfg = Debug|Win32
		{457E855F-1F6D-421B-A51E-EFB1BF99275D}.Debug|Win32.Build.0 = Debug|Win32
		{457E855F-1F6D-421B-A51E-EFB1BF99275D}.Release|Win32.ActiveCfg = Release|Win32
		{457E855F-1F6D-421B-A51E-EFB1BF99275D}.Release|Win32.Build.0 = Release|Win32
		{DE91B824-68F8-4080-85F7-A347B27032F0}.Debug|Win32.ActiveCfg = Debug|Win32
		{DE91B824-68F8-4080-85F7-A347B27032F0}.Debug|Win32.Build.0 = Debug|Win32
		{DE91B824-68F8-4080-85F7-A347B27032F0}.Release|Win32.ActiveCfg = Release|Win32
		{DE91B824-68F8-4080-85F7-A347B27032F0}.Release|Win32.Build.0 = Release|Win32
		{C984C4FC-859B-4E96-9DC7-85296B71332F}.Debug|Win32.ActiveCfg = Debug|Win32
		{C984C4FC-859B-4E96-9DC7-85296B71332F}.Debug|Win32.Build.0 = Debug|Win32
		{C984C4FC-859B-4E96-9DC7-85296B71332F}.Release|Win32.ActiveCfg = Release|Win32
		{C984C4FC-859B-4E96-9DC7-85296B71332F}.Release|Win32.Build.0 = Release|Win32
		{3D42BF4C-FA2C-4C9B-B8A6-E6FEA4F782BF}.Debug|Win32.ActiveCfg = Debug|Win32
		{3D42BF4C-FA2C-4C9B-B8A6-E6FEA4F782BF}.Debug|Win32.Build.0 = Debug|Win32
		{3D42BF4C-FA2C-4C9B-B8A6-E6FEA4F782BF}.Release|Win32.ActiveCfg = Release|Win32
		{3D42BF4C-FA2C-4C9B-B8A6-E6FEA4F782BF}.Release|Win32.Build.0 = Release|Win32
		{7D765AE5-CB4C-4CB5-B09D-7C66D91F944E}.Debug|Win32.ActiveCfg = Debug|Win32
		{7D765AE5-CB4C-4CB5-B09D-7C66D91F944E}.Debug|Win32.Build.0 = Debug|Win32
		{7D765AE5-CB4C-4CB5-B09D-7C66D91F944E}.Release|Win32.ActiveCfg = Release|Win32
		{7D765AE5-CB4C-4CB5-B09D-7C66D91F944E}.Release|Win32.Build.0 = Release|Win32
		{ED660400-64D5-4EF5-B220-D4FDF1C70E76}.Debug|Win32.ActiveCfg = Debug|Win32
		{ED660400-64D5-4EF5-B220-D4FDF1C70E76}.Debug|Win32.Build.0 = Debug|Win32
		{ED660400-64D5-4EF5-B220-D4FDF1C70E76}.Release|Win32.ActiveCfg = Release|Win32
		{ED660400-64D5-4EF5-B220-D4FDF1C70E76}.Release|Win32.Build.0 = Release|Win32
		{010CF285-C420-403F-A4D1-A9F78DB22326}.Debug|Win32.ActiveCfg = Debug|Win32
		{010CF285-C420-403F-A4D1-A9F78DB22326}.Debug|Win32.Build.0 = Debug|Win32
		{010CF285-C420-403F-A4D1-A9F78DB22326}.Release|Win32.ActiveCfg = Release|Win32
		{010CF285-C420-403F-A4D1-A9F78DB22326}.Release|Win32.Build.0 = Release|Win32
	EndGlobalSection
	GlobalSection(SolutionProperties) = preSolution
		HideSolutionNode = FALSE
	EndGlobalSection
EndGlobal
